// !$*UTF8*$!
{
	archiveVersion = 1;
	classes = {
	};
	objectVersion = 52;
	objects = {

/* Begin PBXBuildFile section */
		437F2854226E96D600E32525 /* DiveIn.swift in Sources */ = {isa = PBXBuildFile; fileRef = 437F2853226E96D600E32525 /* DiveIn.swift */; };
		43AC38312227500600652A70 /* AppDelegate.swift in Sources */ = {isa = PBXBuildFile; fileRef = 43AC38302227500600652A70 /* AppDelegate.swift */; };
		43AC38362227500600652A70 /* Main.storyboard in Resources */ = {isa = PBXBuildFile; fileRef = 43AC38342227500600652A70 /* Main.storyboard */; };
		43AC38382227500600652A70 /* Assets.xcassets in Resources */ = {isa = PBXBuildFile; fileRef = 43AC38372227500600652A70 /* Assets.xcassets */; };
		43AC383B2227500600652A70 /* LaunchScreen.storyboard in Resources */ = {isa = PBXBuildFile; fileRef = 43AC38392227500600652A70 /* LaunchScreen.storyboard */; };
		45479B1C527F2552AF0AD66D /* Pods_Pulp.framework in Frameworks */ = {isa = PBXBuildFile; fileRef = 66B2A3E5E03FABCDE89D353E /* Pods_Pulp.framework */; };
		83ABFFED2281686D00DB0F7C /* MapScreen.swift in Sources */ = {isa = PBXBuildFile; fileRef = 83ABFFEC2281686D00DB0F7C /* MapScreen.swift */; };
		83ABFFF1228AA88F00DB0F7C /* LogIn.swift in Sources */ = {isa = PBXBuildFile; fileRef = 83ABFFF0228AA88F00DB0F7C /* LogIn.swift */; };
		92580CE823D6C2F400A20824 /* SceneDelegate.swift in Sources */ = {isa = PBXBuildFile; fileRef = 92580CE723D6C2F400A20824 /* SceneDelegate.swift */; };
		92580CEB23D6C55600A20824 /* ReviewPage.swift in Sources */ = {isa = PBXBuildFile; fileRef = 92580CEA23D6C55600A20824 /* ReviewPage.swift */; };
		92580CEE23D6C6D100A20824 /* AppData.swift in Sources */ = {isa = PBXBuildFile; fileRef = 92580CED23D6C6D100A20824 /* AppData.swift */; };
		92580CF023D6C71100A20824 /* Models.swift in Sources */ = {isa = PBXBuildFile; fileRef = 92580CEF23D6C71100A20824 /* Models.swift */; };
		92580CF123D6C72F00A20824 /* MainAPI.swift in Sources */ = {isa = PBXBuildFile; fileRef = 83DE57172293BE4000294FC9 /* MainAPI.swift */; };
		92580CF323D6C75C00A20824 /* Places.swift in Sources */ = {isa = PBXBuildFile; fileRef = 92580CF223D6C75C00A20824 /* Places.swift */; };
		92580CF523D6C77100A20824 /* Users.swift in Sources */ = {isa = PBXBuildFile; fileRef = 92580CF423D6C77100A20824 /* Users.swift */; };
		92580CF723D6C79200A20824 /* Yelp.swift in Sources */ = {isa = PBXBuildFile; fileRef = 92580CF623D6C79200A20824 /* Yelp.swift */; };
		92AE975E2293AE02006245B1 /* ExploreView.swift in Sources */ = {isa = PBXBuildFile; fileRef = 92AE975D2293AE02006245B1 /* ExploreView.swift */; };
		92C3355D23D6EEDD00D899DD /* AsyncImage.swift in Sources */ = {isa = PBXBuildFile; fileRef = 92C3355C23D6EEDD00D899DD /* AsyncImage.swift */; };
		92D4D98E22A0927800BBF080 /* ListView.swift in Sources */ = {isa = PBXBuildFile; fileRef = 92D4D98D22A0927800BBF080 /* ListView.swift */; };
		92D4D99222A648E000BBF080 /* WelcomePage.swift in Sources */ = {isa = PBXBuildFile; fileRef = 92D4D99122A648E000BBF080 /* WelcomePage.swift */; };
/* End PBXBuildFile section */

/* Begin PBXFileReference section */
		3E70D046F479E62C24E589B8 /* Pods-Pulp.release.xcconfig */ = {isa = PBXFileReference; includeInIndex = 1; lastKnownFileType = text.xcconfig; name = "Pods-Pulp.release.xcconfig"; path = "Pods/Target Support Files/Pods-Pulp/Pods-Pulp.release.xcconfig"; sourceTree = "<group>"; };
		437F2853226E96D600E32525 /* DiveIn.swift */ = {isa = PBXFileReference; lastKnownFileType = sourcecode.swift; path = DiveIn.swift; sourceTree = "<group>"; };
		43AC382D2227500600652A70 /* Pulp.app */ = {isa = PBXFileReference; explicitFileType = wrapper.application; includeInIndex = 0; path = Pulp.app; sourceTree = BUILT_PRODUCTS_DIR; };
		43AC38302227500600652A70 /* AppDelegate.swift */ = {isa = PBXFileReference; lastKnownFileType = sourcecode.swift; path = AppDelegate.swift; sourceTree = "<group>"; };
		43AC38352227500600652A70 /* Base */ = {isa = PBXFileReference; lastKnownFileType = file.storyboard; name = Base; path = Base.lproj/Main.storyboard; sourceTree = "<group>"; };
		43AC38372227500600652A70 /* Assets.xcassets */ = {isa = PBXFileReference; lastKnownFileType = folder.assetcatalog; path = Assets.xcassets; sourceTree = "<group>"; };
		43AC383A2227500600652A70 /* Base */ = {isa = PBXFileReference; lastKnownFileType = file.storyboard; name = Base; path = Base.lproj/LaunchScreen.storyboard; sourceTree = "<group>"; };
		43AC383C2227500600652A70 /* Info.plist */ = {isa = PBXFileReference; lastKnownFileType = text.plist.xml; path = Info.plist; sourceTree = "<group>"; };
		66B2A3E5E03FABCDE89D353E /* Pods_Pulp.framework */ = {isa = PBXFileReference; explicitFileType = wrapper.framework; includeInIndex = 0; path = Pods_Pulp.framework; sourceTree = BUILT_PRODUCTS_DIR; };
		83ABFFEC2281686D00DB0F7C /* MapScreen.swift */ = {isa = PBXFileReference; lastKnownFileType = sourcecode.swift; path = MapScreen.swift; sourceTree = "<group>"; };
		83ABFFF0228AA88F00DB0F7C /* LogIn.swift */ = {isa = PBXFileReference; lastKnownFileType = sourcecode.swift; path = LogIn.swift; sourceTree = "<group>"; };
		83DE57172293BE4000294FC9 /* MainAPI.swift */ = {isa = PBXFileReference; lastKnownFileType = sourcecode.swift; path = MainAPI.swift; sourceTree = "<group>"; };
		92580CE723D6C2F400A20824 /* SceneDelegate.swift */ = {isa = PBXFileReference; lastKnownFileType = sourcecode.swift; path = SceneDelegate.swift; sourceTree = "<group>"; };
		92580CEA23D6C55600A20824 /* ReviewPage.swift */ = {isa = PBXFileReference; lastKnownFileType = sourcecode.swift; path = ReviewPage.swift; sourceTree = "<group>"; };
		92580CED23D6C6D100A20824 /* AppData.swift */ = {isa = PBXFileReference; lastKnownFileType = sourcecode.swift; path = AppData.swift; sourceTree = "<group>"; };
		92580CEF23D6C71100A20824 /* Models.swift */ = {isa = PBXFileReference; lastKnownFileType = sourcecode.swift; path = Models.swift; sourceTree = "<group>"; };
		92580CF223D6C75C00A20824 /* Places.swift */ = {isa = PBXFileReference; lastKnownFileType = sourcecode.swift; path = Places.swift; sourceTree = "<group>"; };
		92580CF423D6C77100A20824 /* Users.swift */ = {isa = PBXFileReference; lastKnownFileType = sourcecode.swift; path = Users.swift; sourceTree = "<group>"; };
		92580CF623D6C79200A20824 /* Yelp.swift */ = {isa = PBXFileReference; lastKnownFileType = sourcecode.swift; path = Yelp.swift; sourceTree = "<group>"; };
		92AE975D2293AE02006245B1 /* ExploreView.swift */ = {isa = PBXFileReference; lastKnownFileType = sourcecode.swift; path = ExploreView.swift; sourceTree = "<group>"; };
		92C3355C23D6EEDD00D899DD /* AsyncImage.swift */ = {isa = PBXFileReference; lastKnownFileType = sourcecode.swift; path = AsyncImage.swift; sourceTree = "<group>"; };
		92D4D98D22A0927800BBF080 /* ListView.swift */ = {isa = PBXFileReference; lastKnownFileType = sourcecode.swift; path = ListView.swift; sourceTree = "<group>"; };
		92D4D99122A648E000BBF080 /* WelcomePage.swift */ = {isa = PBXFileReference; fileEncoding = 4; lastKnownFileType = sourcecode.swift; path = WelcomePage.swift; sourceTree = "<group>"; };
		F2D3A961FAB7F84721E06C26 /* Pods-Pulp.debug.xcconfig */ = {isa = PBXFileReference; includeInIndex = 1; lastKnownFileType = text.xcconfig; name = "Pods-Pulp.debug.xcconfig"; path = "Pods/Target Support Files/Pods-Pulp/Pods-Pulp.debug.xcconfig"; sourceTree = "<group>"; };
/* End PBXFileReference section */

/* Begin PBXFrameworksBuildPhase section */
		43AC382A2227500600652A70 /* Frameworks */ = {
			isa = PBXFrameworksBuildPhase;
			buildActionMask = 2147483647;
			files = (
				45479B1C527F2552AF0AD66D /* Pods_Pulp.framework in Frameworks */,
			);
			runOnlyForDeploymentPostprocessing = 0;
		};
/* End PBXFrameworksBuildPhase section */

/* Begin PBXGroup section */
		43AC38242227500600652A70 = {
			isa = PBXGroup;
			children = (
				43AC382F2227500600652A70 /* Pulp */,
				43AC382E2227500600652A70 /* Products */,
				CA309C48B4795A6226203DDB /* Pods */,
				4F3A73F8A8CC843E7CD83408 /* Frameworks */,
			);
			sourceTree = "<group>";
		};
		43AC382E2227500600652A70 /* Products */ = {
			isa = PBXGroup;
			children = (
				43AC382D2227500600652A70 /* Pulp.app */,
			);
			name = Products;
			sourceTree = "<group>";
		};
		43AC382F2227500600652A70 /* Pulp */ = {
			isa = PBXGroup;
			children = (
				43AC38302227500600652A70 /* AppDelegate.swift */,
				92580CE723D6C2F400A20824 /* SceneDelegate.swift */,
				92580CE923D6C30D00A20824 /* Views */,
				92580CEC23D6C67500A20824 /* API and Network */,
				43AC38342227500600652A70 /* Main.storyboard */,
				43AC38372227500600652A70 /* Assets.xcassets */,
				43AC38392227500600652A70 /* LaunchScreen.storyboard */,
				43AC383C2227500600652A70 /* Info.plist */,
			);
			path = Pulp;
			sourceTree = "<group>";
		};
		4F3A73F8A8CC843E7CD83408 /* Frameworks */ = {
			isa = PBXGroup;
			children = (
				66B2A3E5E03FABCDE89D353E /* Pods_Pulp.framework */,
			);
			name = Frameworks;
			sourceTree = "<group>";
		};
		92580CE923D6C30D00A20824 /* Views */ = {
			isa = PBXGroup;
			children = (
				92D4D99122A648E000BBF080 /* WelcomePage.swift */,
				83ABFFF0228AA88F00DB0F7C /* LogIn.swift */,
				83ABFFEC2281686D00DB0F7C /* MapScreen.swift */,
				92AE975D2293AE02006245B1 /* ExploreView.swift */,
				92580CEA23D6C55600A20824 /* ReviewPage.swift */,
				437F2853226E96D600E32525 /* DiveIn.swift */,
				92D4D98D22A0927800BBF080 /* ListView.swift */,
			);
			path = Views;
			sourceTree = "<group>";
		};
		92580CEC23D6C67500A20824 /* API and Network */ = {
			isa = PBXGroup;
			children = (
				92580CED23D6C6D100A20824 /* AppData.swift */,
				92580CEF23D6C71100A20824 /* Models.swift */,
				83DE57172293BE4000294FC9 /* MainAPI.swift */,
				92C3355C23D6EEDD00D899DD /* AsyncImage.swift */,
				92580CF223D6C75C00A20824 /* Places.swift */,
				92580CF423D6C77100A20824 /* Users.swift */,
				92580CF623D6C79200A20824 /* Yelp.swift */,
			);
			path = "API and Network";
			sourceTree = "<group>";
		};
		CA309C48B4795A6226203DDB /* Pods */ = {
			isa = PBXGroup;
			children = (
				F2D3A961FAB7F84721E06C26 /* Pods-Pulp.debug.xcconfig */,
				3E70D046F479E62C24E589B8 /* Pods-Pulp.release.xcconfig */,
			);
			name = Pods;
			sourceTree = "<group>";
		};
/* End PBXGroup section */

/* Begin PBXNativeTarget section */
		43AC382C2227500600652A70 /* Pulp */ = {
			isa = PBXNativeTarget;
			buildConfigurationList = 43AC383F2227500600652A70 /* Build configuration list for PBXNativeTarget "Pulp" */;
			buildPhases = (
				9A0626E21DE1A8508A92CC8C /* [CP] Check Pods Manifest.lock */,
				43AC38292227500600652A70 /* Sources */,
				43AC382A2227500600652A70 /* Frameworks */,
				43AC382B2227500600652A70 /* Resources */,
				FCCC05CABAAECBBD6B1EB2EB /* [CP] Embed Pods Frameworks */,
			);
			buildRules = (
			);
			dependencies = (
			);
			name = Pulp;
			productName = Pulp;
			productReference = 43AC382D2227500600652A70 /* Pulp.app */;
			productType = "com.apple.product-type.application";
		};
/* End PBXNativeTarget section */

/* Begin PBXProject section */
		43AC38252227500600652A70 /* Project object */ = {
			isa = PBXProject;
			attributes = {
				LastSwiftUpdateCheck = 0910;
				LastUpgradeCheck = 1010;
				ORGANIZATIONNAME = "Aryan Arora";
				TargetAttributes = {
					43AC382C2227500600652A70 = {
						CreatedOnToolsVersion = 9.1;
						LastSwiftMigration = 1010;
						ProvisioningStyle = Automatic;
					};
				};
			};
			buildConfigurationList = 43AC38282227500600652A70 /* Build configuration list for PBXProject "Pulp" */;
			compatibilityVersion = "Xcode 11.0";
			developmentRegion = en;
			hasScannedForEncodings = 0;
			knownRegions = (
				en,
				Base,
			);
			mainGroup = 43AC38242227500600652A70;
			productRefGroup = 43AC382E2227500600652A70 /* Products */;
			projectDirPath = "";
			projectRoot = "";
			targets = (
				43AC382C2227500600652A70 /* Pulp */,
			);
		};
/* End PBXProject section */

/* Begin PBXResourcesBuildPhase section */
		43AC382B2227500600652A70 /* Resources */ = {
			isa = PBXResourcesBuildPhase;
			buildActionMask = 2147483647;
			files = (
				43AC383B2227500600652A70 /* LaunchScreen.storyboard in Resources */,
				43AC38382227500600652A70 /* Assets.xcassets in Resources */,
				43AC38362227500600652A70 /* Main.storyboard in Resources */,
			);
			runOnlyForDeploymentPostprocessing = 0;
		};
/* End PBXResourcesBuildPhase section */

/* Begin PBXShellScriptBuildPhase section */
		9A0626E21DE1A8508A92CC8C /* [CP] Check Pods Manifest.lock */ = {
			isa = PBXShellScriptBuildPhase;
			buildActionMask = 2147483647;
			files = (
			);
			inputFileListPaths = (
			);
			inputPaths = (
				"${PODS_PODFILE_DIR_PATH}/Podfile.lock",
				"${PODS_ROOT}/Manifest.lock",
			);
			name = "[CP] Check Pods Manifest.lock";
			outputFileListPaths = (
			);
			outputPaths = (
				"$(DERIVED_FILE_DIR)/Pods-Pulp-checkManifestLockResult.txt",
			);
			runOnlyForDeploymentPostprocessing = 0;
			shellPath = /bin/sh;
			shellScript = "diff \"${PODS_PODFILE_DIR_PATH}/Podfile.lock\" \"${PODS_ROOT}/Manifest.lock\" > /dev/null\nif [ $? != 0 ] ; then\n    # print error to STDERR\n    echo \"error: The sandbox is not in sync with the Podfile.lock. Run 'pod install' or update your CocoaPods installation.\" >&2\n    exit 1\nfi\n# This output is used by Xcode 'outputs' to avoid re-running this script phase.\necho \"SUCCESS\" > \"${SCRIPT_OUTPUT_FILE_0}\"\n";
			showEnvVarsInLog = 0;
		};
		FCCC05CABAAECBBD6B1EB2EB /* [CP] Embed Pods Frameworks */ = {
			isa = PBXShellScriptBuildPhase;
			buildActionMask = 2147483647;
			files = (
			);
			inputFileListPaths = (
				"${PODS_ROOT}/Target Support Files/Pods-Pulp/Pods-Pulp-frameworks-${CONFIGURATION}-input-files.xcfilelist",
			);
			name = "[CP] Embed Pods Frameworks";
			outputFileListPaths = (
				"${PODS_ROOT}/Target Support Files/Pods-Pulp/Pods-Pulp-frameworks-${CONFIGURATION}-output-files.xcfilelist",
			);
			runOnlyForDeploymentPostprocessing = 0;
			shellPath = /bin/sh;
			shellScript = "\"${PODS_ROOT}/Target Support Files/Pods-Pulp/Pods-Pulp-frameworks.sh\"\n";
			showEnvVarsInLog = 0;
		};
/* End PBXShellScriptBuildPhase section */

/* Begin PBXSourcesBuildPhase section */
		43AC38292227500600652A70 /* Sources */ = {
			isa = PBXSourcesBuildPhase;
			buildActionMask = 2147483647;
			files = (
				92580CEE23D6C6D100A20824 /* AppData.swift in Sources */,
				92580CF123D6C72F00A20824 /* MainAPI.swift in Sources */,
				92580CF023D6C71100A20824 /* Models.swift in Sources */,
				437F2854226E96D600E32525 /* DiveIn.swift in Sources */,
				92580CEB23D6C55600A20824 /* ReviewPage.swift in Sources */,
				43AC38312227500600652A70 /* AppDelegate.swift in Sources */,
				92580CE823D6C2F400A20824 /* SceneDelegate.swift in Sources */,
				92D4D98E22A0927800BBF080 /* ListView.swift in Sources */,
				83ABFFF1228AA88F00DB0F7C /* LogIn.swift in Sources */,
				92580CF323D6C75C00A20824 /* Places.swift in Sources */,
				83ABFFED2281686D00DB0F7C /* MapScreen.swift in Sources */,
				92580CF523D6C77100A20824 /* Users.swift in Sources */,
				92C3355D23D6EEDD00D899DD /* AsyncImage.swift in Sources */,
				92AE975E2293AE02006245B1 /* ExploreView.swift in Sources */,
				92D4D99222A648E000BBF080 /* WelcomePage.swift in Sources */,
				92580CF723D6C79200A20824 /* Yelp.swift in Sources */,
			);
			runOnlyForDeploymentPostprocessing = 0;
		};
/* End PBXSourcesBuildPhase section */

/* Begin PBXVariantGroup section */
		43AC38342227500600652A70 /* Main.storyboard */ = {
			isa = PBXVariantGroup;
			children = (
				43AC38352227500600652A70 /* Base */,
			);
			name = Main.storyboard;
			sourceTree = "<group>";
		};
		43AC38392227500600652A70 /* LaunchScreen.storyboard */ = {
			isa = PBXVariantGroup;
			children = (
				43AC383A2227500600652A70 /* Base */,
			);
			name = LaunchScreen.storyboard;
			sourceTree = "<group>";
		};
/* End PBXVariantGroup section */

/* Begin XCBuildConfiguration section */
		43AC383D2227500600652A70 /* Debug */ = {
			isa = XCBuildConfiguration;
			buildSettings = {
				ALWAYS_SEARCH_USER_PATHS = NO;
				CLANG_ANALYZER_NONNULL = YES;
				CLANG_ANALYZER_NUMBER_OBJECT_CONVERSION = YES_AGGRESSIVE;
				CLANG_CXX_LANGUAGE_STANDARD = "gnu++14";
				CLANG_CXX_LIBRARY = "libc++";
				CLANG_ENABLE_MODULES = YES;
				CLANG_ENABLE_OBJC_ARC = YES;
				CLANG_WARN_BLOCK_CAPTURE_AUTORELEASING = YES;
				CLANG_WARN_BOOL_CONVERSION = YES;
				CLANG_WARN_COMMA = YES;
				CLANG_WARN_CONSTANT_CONVERSION = YES;
				CLANG_WARN_DEPRECATED_OBJC_IMPLEMENTATIONS = YES;
				CLANG_WARN_DIRECT_OBJC_ISA_USAGE = YES_ERROR;
				CLANG_WARN_DOCUMENTATION_COMMENTS = YES;
				CLANG_WARN_EMPTY_BODY = YES;
				CLANG_WARN_ENUM_CONVERSION = YES;
				CLANG_WARN_INFINITE_RECURSION = YES;
				CLANG_WARN_INT_CONVERSION = YES;
				CLANG_WARN_NON_LITERAL_NULL_CONVERSION = YES;
				CLANG_WARN_OBJC_IMPLICIT_RETAIN_SELF = YES;
				CLANG_WARN_OBJC_LITERAL_CONVERSION = YES;
				CLANG_WARN_OBJC_ROOT_CLASS = YES_ERROR;
				CLANG_WARN_RANGE_LOOP_ANALYSIS = YES;
				CLANG_WARN_STRICT_PROTOTYPES = YES;
				CLANG_WARN_SUSPICIOUS_MOVE = YES;
				CLANG_WARN_UNGUARDED_AVAILABILITY = YES_AGGRESSIVE;
				CLANG_WARN_UNREACHABLE_CODE = YES;
				CLANG_WARN__DUPLICATE_METHOD_MATCH = YES;
				CODE_SIGN_IDENTITY = "iPhone Developer";
				COPY_PHASE_STRIP = NO;
				DEBUG_INFORMATION_FORMAT = dwarf;
				ENABLE_STRICT_OBJC_MSGSEND = YES;
				ENABLE_TESTABILITY = YES;
				GCC_C_LANGUAGE_STANDARD = gnu11;
				GCC_DYNAMIC_NO_PIC = NO;
				GCC_NO_COMMON_BLOCKS = YES;
				GCC_OPTIMIZATION_LEVEL = 0;
				GCC_PREPROCESSOR_DEFINITIONS = (
					"DEBUG=1",
					"$(inherited)",
				);
				GCC_WARN_64_TO_32_BIT_CONVERSION = YES;
				GCC_WARN_ABOUT_RETURN_TYPE = YES_ERROR;
				GCC_WARN_UNDECLARED_SELECTOR = YES;
				GCC_WARN_UNINITIALIZED_AUTOS = YES_AGGRESSIVE;
				GCC_WARN_UNUSED_FUNCTION = YES;
				GCC_WARN_UNUSED_VARIABLE = YES;
				IPHONEOS_DEPLOYMENT_TARGET = 11.1;
				MTL_ENABLE_DEBUG_INFO = YES;
				ONLY_ACTIVE_ARCH = YES;
				SDKROOT = iphoneos;
				SWIFT_ACTIVE_COMPILATION_CONDITIONS = DEBUG;
				SWIFT_OPTIMIZATION_LEVEL = "-Onone";
			};
			name = Debug;
		};
		43AC383E2227500600652A70 /* Release */ = {
			isa = XCBuildConfiguration;
			buildSettings = {
				ALWAYS_SEARCH_USER_PATHS = NO;
				CLANG_ANALYZER_NONNULL = YES;
				CLANG_ANALYZER_NUMBER_OBJECT_CONVERSION = YES_AGGRESSIVE;
				CLANG_CXX_LANGUAGE_STANDARD = "gnu++14";
				CLANG_CXX_LIBRARY = "libc++";
				CLANG_ENABLE_MODULES = YES;
				CLANG_ENABLE_OBJC_ARC = YES;
				CLANG_WARN_BLOCK_CAPTURE_AUTORELEASING = YES;
				CLANG_WARN_BOOL_CONVERSION = YES;
				CLANG_WARN_COMMA = YES;
				CLANG_WARN_CONSTANT_CONVERSION = YES;
				CLANG_WARN_DEPRECATED_OBJC_IMPLEMENTATIONS = YES;
				CLANG_WARN_DIRECT_OBJC_ISA_USAGE = YES_ERROR;
				CLANG_WARN_DOCUMENTATION_COMMENTS = YES;
				CLANG_WARN_EMPTY_BODY = YES;
				CLANG_WARN_ENUM_CONVERSION = YES;
				CLANG_WARN_INFINITE_RECURSION = YES;
				CLANG_WARN_INT_CONVERSION = YES;
				CLANG_WARN_NON_LITERAL_NULL_CONVERSION = YES;
				CLANG_WARN_OBJC_IMPLICIT_RETAIN_SELF = YES;
				CLANG_WARN_OBJC_LITERAL_CONVERSION = YES;
				CLANG_WARN_OBJC_ROOT_CLASS = YES_ERROR;
				CLANG_WARN_RANGE_LOOP_ANALYSIS = YES;
				CLANG_WARN_STRICT_PROTOTYPES = YES;
				CLANG_WARN_SUSPICIOUS_MOVE = YES;
				CLANG_WARN_UNGUARDED_AVAILABILITY = YES_AGGRESSIVE;
				CLANG_WARN_UNREACHABLE_CODE = YES;
				CLANG_WARN__DUPLICATE_METHOD_MATCH = YES;
				CODE_SIGN_IDENTITY = "iPhone Developer";
				COPY_PHASE_STRIP = NO;
				DEBUG_INFORMATION_FORMAT = "dwarf-with-dsym";
				ENABLE_NS_ASSERTIONS = NO;
				ENABLE_STRICT_OBJC_MSGSEND = YES;
				GCC_C_LANGUAGE_STANDARD = gnu11;
				GCC_NO_COMMON_BLOCKS = YES;
				GCC_WARN_64_TO_32_BIT_CONVERSION = YES;
				GCC_WARN_ABOUT_RETURN_TYPE = YES_ERROR;
				GCC_WARN_UNDECLARED_SELECTOR = YES;
				GCC_WARN_UNINITIALIZED_AUTOS = YES_AGGRESSIVE;
				GCC_WARN_UNUSED_FUNCTION = YES;
				GCC_WARN_UNUSED_VARIABLE = YES;
				IPHONEOS_DEPLOYMENT_TARGET = 11.1;
				MTL_ENABLE_DEBUG_INFO = NO;
				SDKROOT = iphoneos;
				SWIFT_COMPILATION_MODE = wholemodule;
				SWIFT_OPTIMIZATION_LEVEL = "-O";
				VALIDATE_PRODUCT = YES;
			};
			name = Release;
		};
		43AC38402227500600652A70 /* Debug */ = {
			isa = XCBuildConfiguration;
			baseConfigurationReference = F2D3A961FAB7F84721E06C26 /* Pods-Pulp.debug.xcconfig */;
			buildSettings = {
				ASSETCATALOG_COMPILER_APPICON_NAME = AppIcon;
				CODE_SIGN_STYLE = Automatic;
				DEVELOPMENT_TEAM = JZGGT99U9P;
				INFOPLIST_FILE = Pulp/Info.plist;
				IPHONEOS_DEPLOYMENT_TARGET = 13.2;
				LD_RUNPATH_SEARCH_PATHS = (
					"$(inherited)",
					"@executable_path/Frameworks",
				);
				OTHER_LDFLAGS = (
					"$(inherited)",
					"-framework",
					"\"Alamofire\"",
					"-framework",
					"\"Bolts\"",
					"-framework",
					"\"FBSDKCoreKit\"",
					"-framework",
					"\"FBSDKLoginKit\"",
					"-framework",
					"\"FBSDKShareKit\"",
					"-framework",
					"\"FacebookCore\"",
					"-framework",
					"\"FacebookLogin\"",
					"-framework",
					"\"FacebookShare\"",
					"-framework",
					"\"Foundation\"",
					"-framework",
					"\"MapKit\"",
					"-framework",
					"\"MapKitGoogleStyler\"",
					"-framework",
					"\"Moya\"",
					"-framework",
					"\"Result\"",
					"-framework",
					"\"SnapKit\"",
					"-weak_framework",
					"\"Accounts\"",
					"-weak_framework",
					"\"AudioToolbox\"",
					"-weak_framework",
					"\"CoreGraphics\"",
					"-weak_framework",
					"\"CoreLocation\"",
					"-weak_framework",
					"\"Foundation\"",
					"-weak_framework",
					"\"QuartzCore\"",
					"-weak_framework",
					"\"Security\"",
					"-weak_framework",
					"\"Social\"",
					"-weak_framework",
					"\"UIKit\"",
					"-ObjC",
				);
				PRODUCT_BUNDLE_IDENTIFIER = com.aryanarora.Pulp;
				PRODUCT_NAME = "$(TARGET_NAME)";
				SWIFT_VERSION = 4.2;
				TARGETED_DEVICE_FAMILY = "1,2";
			};
			name = Debug;
		};
		43AC38412227500600652A70 /* Release */ = {
			isa = XCBuildConfiguration;
			baseConfigurationReference = 3E70D046F479E62C24E589B8 /* Pods-Pulp.release.xcconfig */;
			buildSettings = {
				ASSETCATALOG_COMPILER_APPICON_NAME = AppIcon;
				CODE_SIGN_STYLE = Automatic;
				DEVELOPMENT_TEAM = JZGGT99U9P;
				INFOPLIST_FILE = Pulp/Info.plist;
				IPHONEOS_DEPLOYMENT_TARGET = 13.2;
				LD_RUNPATH_SEARCH_PATHS = (
					"$(inherited)",
					"@executable_path/Frameworks",
				);
				OTHER_LDFLAGS = (
					"$(inherited)",
					"-framework",
					"\"Alamofire\"",
					"-framework",
					"\"Bolts\"",
					"-framework",
					"\"FBSDKCoreKit\"",
					"-framework",
					"\"FBSDKLoginKit\"",
					"-framework",
					"\"FBSDKShareKit\"",
					"-framework",
					"\"FacebookCore\"",
					"-framework",
					"\"FacebookLogin\"",
					"-framework",
					"\"FacebookShare\"",
					"-framework",
					"\"Foundation\"",
					"-framework",
					"\"MapKit\"",
					"-framework",
					"\"MapKitGoogleStyler\"",
					"-framework",
					"\"Moya\"",
					"-framework",
					"\"Result\"",
					"-framework",
					"\"SnapKit\"",
					"-weak_framework",
					"\"Accounts\"",
					"-weak_framework",
					"\"AudioToolbox\"",
					"-weak_framework",
					"\"CoreGraphics\"",
					"-weak_framework",
					"\"CoreLocation\"",
					"-weak_framework",
					"\"Foundation\"",
					"-weak_framework",
					"\"QuartzCore\"",
					"-weak_framework",
					"\"Security\"",
					"-weak_framework",
					"\"Social\"",
					"-weak_framework",
					"\"UIKit\"",
					"-ObjC",
				);
				PRODUCT_BUNDLE_IDENTIFIER = com.aryanarora.Pulp;
				PRODUCT_NAME = "$(TARGET_NAME)";
				SWIFT_VERSION = 4.2;
				TARGETED_DEVICE_FAMILY = "1,2";
			};
			name = Release;
		};
/* End XCBuildConfiguration section */

/* Begin XCConfigurationList section */
		43AC38282227500600652A70 /* Build configuration list for PBXProject "Pulp" */ = {
			isa = XCConfigurationList;
			buildConfigurations = (
				43AC383D2227500600652A70 /* Debug */,
				43AC383E2227500600652A70 /* Release */,
			);
			defaultConfigurationIsVisible = 0;
			defaultConfigurationName = Release;
		};
		43AC383F2227500600652A70 /* Build configuration list for PBXNativeTarget "Pulp" */ = {
			isa = XCConfigurationList;
			buildConfigurations = (
				43AC38402227500600652A70 /* Debug */,
				43AC38412227500600652A70 /* Release */,
			);
			defaultConfigurationIsVisible = 0;
			defaultConfigurationName = Release;
		};
/* End XCConfigurationList section */
	};
	rootObject = 43AC38252227500600652A70 /* Project object */;
}
