// !$*UTF8*$!
{
	archiveVersion = 1;
	classes = {
	};
	objectVersion = 48;
	objects = {

/* Begin PBXBuildFile section */
		6AAD54972268254700945D8C /* AppDelegate.swift in Sources */ = {isa = PBXBuildFile; fileRef = 6AAD54962268254700945D8C /* AppDelegate.swift */; };
		6AAD54992268254700945D8C /* ViewController.swift in Sources */ = {isa = PBXBuildFile; fileRef = 6AAD54982268254700945D8C /* ViewController.swift */; };
		6AAD549C2268254700945D8C /* Main.storyboard in Resources */ = {isa = PBXBuildFile; fileRef = 6AAD549A2268254700945D8C /* Main.storyboard */; };
		6AAD549F2268254700945D8C /* pulp.xcdatamodeld in Sources */ = {isa = PBXBuildFile; fileRef = 6AAD549D2268254700945D8C /* pulp.xcdatamodeld */; };
		6AAD54A12268254700945D8C /* Assets.xcassets in Resources */ = {isa = PBXBuildFile; fileRef = 6AAD54A02268254700945D8C /* Assets.xcassets */; };
		6AAD54A42268254700945D8C /* LaunchScreen.storyboard in Resources */ = {isa = PBXBuildFile; fileRef = 6AAD54A22268254700945D8C /* LaunchScreen.storyboard */; };
		6AAD54AF2268254700945D8C /* pulpTests.swift in Sources */ = {isa = PBXBuildFile; fileRef = 6AAD54AE2268254700945D8C /* pulpTests.swift */; };
		6AAD54BA2268254700945D8C /* pulpUITests.swift in Sources */ = {isa = PBXBuildFile; fileRef = 6AAD54B92268254700945D8C /* pulpUITests.swift */; };
		6AAD54C922682B4D00945D8C /* SignUpController.swift in Sources */ = {isa = PBXBuildFile; fileRef = 6AAD54C722682B4D00945D8C /* SignUpController.swift */; };
		6AAD54CA22682B4D00945D8C /* RecListController.swift in Sources */ = {isa = PBXBuildFile; fileRef = 6AAD54C822682B4D00945D8C /* RecListController.swift */; };
		6AAD54CE22682B5900945D8C /* LoginViewController.swift in Sources */ = {isa = PBXBuildFile; fileRef = 6AAD54CB22682B5900945D8C /* LoginViewController.swift */; };
		6AAD54CF22682B5900945D8C /* MainViewController.swift in Sources */ = {isa = PBXBuildFile; fileRef = 6AAD54CC22682B5900945D8C /* MainViewController.swift */; };
		6AAD54D022682B5900945D8C /* CreateProfileController.swift in Sources */ = {isa = PBXBuildFile; fileRef = 6AAD54CD22682B5900945D8C /* CreateProfileController.swift */; };
		6AAD54D222682B6100945D8C /* AddRecController.swift in Sources */ = {isa = PBXBuildFile; fileRef = 6AAD54D122682B6000945D8C /* AddRecController.swift */; };
/* End PBXBuildFile section */

/* Begin PBXContainerItemProxy section */
		6AAD54AB2268254700945D8C /* PBXContainerItemProxy */ = {
			isa = PBXContainerItemProxy;
			containerPortal = 6AAD548B2268254700945D8C /* Project object */;
			proxyType = 1;
			remoteGlobalIDString = 6AAD54922268254700945D8C;
			remoteInfo = pulp;
		};
		6AAD54B62268254700945D8C /* PBXContainerItemProxy */ = {
			isa = PBXContainerItemProxy;
			containerPortal = 6AAD548B2268254700945D8C /* Project object */;
			proxyType = 1;
			remoteGlobalIDString = 6AAD54922268254700945D8C;
			remoteInfo = pulp;
		};
/* End PBXContainerItemProxy section */

/* Begin PBXFileReference section */
		6AAD54932268254700945D8C /* pulp.app */ = {isa = PBXFileReference; explicitFileType = wrapper.application; includeInIndex = 0; path = pulp.app; sourceTree = BUILT_PRODUCTS_DIR; };
		6AAD54962268254700945D8C /* AppDelegate.swift */ = {isa = PBXFileReference; lastKnownFileType = sourcecode.swift; path = AppDelegate.swift; sourceTree = "<group>"; };
		6AAD54982268254700945D8C /* ViewController.swift */ = {isa = PBXFileReference; lastKnownFileType = sourcecode.swift; path = ViewController.swift; sourceTree = "<group>"; };
		6AAD549B2268254700945D8C /* Base */ = {isa = PBXFileReference; lastKnownFileType = file.storyboard; name = Base; path = Base.lproj/Main.storyboard; sourceTree = "<group>"; };
		6AAD549E2268254700945D8C /* pulp.xcdatamodel */ = {isa = PBXFileReference; lastKnownFileType = wrapper.xcdatamodel; path = pulp.xcdatamodel; sourceTree = "<group>"; };
		6AAD54A02268254700945D8C /* Assets.xcassets */ = {isa = PBXFileReference; lastKnownFileType = folder.assetcatalog; path = Assets.xcassets; sourceTree = "<group>"; };
		6AAD54A32268254700945D8C /* Base */ = {isa = PBXFileReference; lastKnownFileType = file.storyboard; name = Base; path = Base.lproj/LaunchScreen.storyboard; sourceTree = "<group>"; };
		6AAD54A52268254700945D8C /* Info.plist */ = {isa = PBXFileReference; lastKnownFileType = text.plist.xml; path = Info.plist; sourceTree = "<group>"; };
		6AAD54AA2268254700945D8C /* pulpTests.xctest */ = {isa = PBXFileReference; explicitFileType = wrapper.cfbundle; includeInIndex = 0; path = pulpTests.xctest; sourceTree = BUILT_PRODUCTS_DIR; };
		6AAD54AE2268254700945D8C /* pulpTests.swift */ = {isa = PBXFileReference; lastKnownFileType = sourcecode.swift; path = pulpTests.swift; sourceTree = "<group>"; };
		6AAD54B02268254700945D8C /* Info.plist */ = {isa = PBXFileReference; lastKnownFileType = text.plist.xml; path = Info.plist; sourceTree = "<group>"; };
		6AAD54B52268254700945D8C /* pulpUITests.xctest */ = {isa = PBXFileReference; explicitFileType = wrapper.cfbundle; includeInIndex = 0; path = pulpUITests.xctest; sourceTree = BUILT_PRODUCTS_DIR; };
		6AAD54B92268254700945D8C /* pulpUITests.swift */ = {isa = PBXFileReference; lastKnownFileType = sourcecode.swift; path = pulpUITests.swift; sourceTree = "<group>"; };
		6AAD54BB2268254700945D8C /* Info.plist */ = {isa = PBXFileReference; lastKnownFileType = text.plist.xml; path = Info.plist; sourceTree = "<group>"; };
		6AAD54C722682B4D00945D8C /* SignUpController.swift */ = {isa = PBXFileReference; fileEncoding = 4; lastKnownFileType = sourcecode.swift; path = SignUpController.swift; sourceTree = "<group>"; };
		6AAD54C822682B4D00945D8C /* RecListController.swift */ = {isa = PBXFileReference; fileEncoding = 4; lastKnownFileType = sourcecode.swift; path = RecListController.swift; sourceTree = "<group>"; };
		6AAD54CB22682B5900945D8C /* LoginViewController.swift */ = {isa = PBXFileReference; fileEncoding = 4; lastKnownFileType = sourcecode.swift; path = LoginViewController.swift; sourceTree = "<group>"; };
		6AAD54CC22682B5900945D8C /* MainViewController.swift */ = {isa = PBXFileReference; fileEncoding = 4; lastKnownFileType = sourcecode.swift; path = MainViewController.swift; sourceTree = "<group>"; };
		6AAD54CD22682B5900945D8C /* CreateProfileController.swift */ = {isa = PBXFileReference; fileEncoding = 4; lastKnownFileType = sourcecode.swift; path = CreateProfileController.swift; sourceTree = "<group>"; };
		6AAD54D122682B6000945D8C /* AddRecController.swift */ = {isa = PBXFileReference; fileEncoding = 4; lastKnownFileType = sourcecode.swift; path = AddRecController.swift; sourceTree = "<group>"; };
/* End PBXFileReference section */

/* Begin PBXFrameworksBuildPhase section */
		6AAD54902268254700945D8C /* Frameworks */ = {
			isa = PBXFrameworksBuildPhase;
			buildActionMask = 2147483647;
			files = (
			);
			runOnlyForDeploymentPostprocessing = 0;
		};
		6AAD54A72268254700945D8C /* Frameworks */ = {
			isa = PBXFrameworksBuildPhase;
			buildActionMask = 2147483647;
			files = (
			);
			runOnlyForDeploymentPostprocessing = 0;
		};
		6AAD54B22268254700945D8C /* Frameworks */ = {
			isa = PBXFrameworksBuildPhase;
			buildActionMask = 2147483647;
			files = (
			);
			runOnlyForDeploymentPostprocessing = 0;
		};
/* End PBXFrameworksBuildPhase section */

/* Begin PBXGroup section */
		6AAD548A2268254700945D8C = {
			isa = PBXGroup;
			children = (
				6AAD54952268254700945D8C /* pulp */,
				6AAD54AD2268254700945D8C /* pulpTests */,
				6AAD54B82268254700945D8C /* pulpUITests */,
				6AAD54942268254700945D8C /* Products */,
			);
			sourceTree = "<group>";
		};
		6AAD54942268254700945D8C /* Products */ = {
			isa = PBXGroup;
			children = (
				6AAD54932268254700945D8C /* pulp.app */,
				6AAD54AA2268254700945D8C /* pulpTests.xctest */,
				6AAD54B52268254700945D8C /* pulpUITests.xctest */,
			);
			name = Products;
			sourceTree = "<group>";
		};
		6AAD54952268254700945D8C /* pulp */ = {
			isa = PBXGroup;
			children = (
				6AAD54D122682B6000945D8C /* AddRecController.swift */,
				6AAD54CD22682B5900945D8C /* CreateProfileController.swift */,
				6AAD54CB22682B5900945D8C /* LoginViewController.swift */,
				6AAD54CC22682B5900945D8C /* MainViewController.swift */,
				6AAD54C822682B4D00945D8C /* RecListController.swift */,
				6AAD54C722682B4D00945D8C /* SignUpController.swift */,
				6AAD54962268254700945D8C /* AppDelegate.swift */,
				6AAD54982268254700945D8C /* ViewController.swift */,
				6AAD549A2268254700945D8C /* Main.storyboard */,
				6AAD54A02268254700945D8C /* Assets.xcassets */,
				6AAD54A22268254700945D8C /* LaunchScreen.storyboard */,
				6AAD54A52268254700945D8C /* Info.plist */,
				6AAD549D2268254700945D8C /* pulp.xcdatamodeld */,
			);
			path = pulp;
			sourceTree = "<group>";
		};
		6AAD54AD2268254700945D8C /* pulpTests */ = {
			isa = PBXGroup;
			children = (
				6AAD54AE2268254700945D8C /* pulpTests.swift */,
				6AAD54B02268254700945D8C /* Info.plist */,
			);
			path = pulpTests;
			sourceTree = "<group>";
		};
		6AAD54B82268254700945D8C /* pulpUITests */ = {
			isa = PBXGroup;
			children = (
				6AAD54B92268254700945D8C /* pulpUITests.swift */,
				6AAD54BB2268254700945D8C /* Info.plist */,
			);
			path = pulpUITests;
			sourceTree = "<group>";
		};
/* End PBXGroup section */

/* Begin PBXNativeTarget section */
		6AAD54922268254700945D8C /* pulp */ = {
			isa = PBXNativeTarget;
			buildConfigurationList = 6AAD54BE2268254700945D8C /* Build configuration list for PBXNativeTarget "pulp" */;
			buildPhases = (
				6AAD548F2268254700945D8C /* Sources */,
				6AAD54902268254700945D8C /* Frameworks */,
				6AAD54912268254700945D8C /* Resources */,
			);
			buildRules = (
			);
			dependencies = (
			);
			name = pulp;
			productName = pulp;
			productReference = 6AAD54932268254700945D8C /* pulp.app */;
			productType = "com.apple.product-type.application";
		};
		6AAD54A92268254700945D8C /* pulpTests */ = {
			isa = PBXNativeTarget;
			buildConfigurationList = 6AAD54C12268254700945D8C /* Build configuration list for PBXNativeTarget "pulpTests" */;
			buildPhases = (
				6AAD54A62268254700945D8C /* Sources */,
				6AAD54A72268254700945D8C /* Frameworks */,
				6AAD54A82268254700945D8C /* Resources */,
			);
			buildRules = (
			);
			dependencies = (
				6AAD54AC2268254700945D8C /* PBXTargetDependency */,
			);
			name = pulpTests;
			productName = pulpTests;
			productReference = 6AAD54AA2268254700945D8C /* pulpTests.xctest */;
			productType = "com.apple.product-type.bundle.unit-test";
		};
		6AAD54B42268254700945D8C /* pulpUITests */ = {
			isa = PBXNativeTarget;
			buildConfigurationList = 6AAD54C42268254700945D8C /* Build configuration list for PBXNativeTarget "pulpUITests" */;
			buildPhases = (
				6AAD54B12268254700945D8C /* Sources */,
				6AAD54B22268254700945D8C /* Frameworks */,
				6AAD54B32268254700945D8C /* Resources */,
			);
			buildRules = (
			);
			dependencies = (
				6AAD54B72268254700945D8C /* PBXTargetDependency */,
			);
			name = pulpUITests;
			productName = pulpUITests;
			productReference = 6AAD54B52268254700945D8C /* pulpUITests.xctest */;
			productType = "com.apple.product-type.bundle.ui-testing";
		};
/* End PBXNativeTarget section */

/* Begin PBXProject section */
		6AAD548B2268254700945D8C /* Project object */ = {
			isa = PBXProject;
			attributes = {
				LastSwiftUpdateCheck = 0920;
				LastUpgradeCheck = 0920;
				ORGANIZATIONNAME = "Hannah Elarabawy";
				TargetAttributes = {
					6AAD54922268254700945D8C = {
						CreatedOnToolsVersion = 9.2;
						ProvisioningStyle = Automatic;
					};
					6AAD54A92268254700945D8C = {
						CreatedOnToolsVersion = 9.2;
						ProvisioningStyle = Automatic;
						TestTargetID = 6AAD54922268254700945D8C;
					};
					6AAD54B42268254700945D8C = {
						CreatedOnToolsVersion = 9.2;
						ProvisioningStyle = Automatic;
						TestTargetID = 6AAD54922268254700945D8C;
					};
				};
			};
			buildConfigurationList = 6AAD548E2268254700945D8C /* Build configuration list for PBXProject "pulp" */;
			compatibilityVersion = "Xcode 8.0";
			developmentRegion = en;
			hasScannedForEncodings = 0;
			knownRegions = (
				en,
				Base,
			);
			mainGroup = 6AAD548A2268254700945D8C;
			productRefGroup = 6AAD54942268254700945D8C /* Products */;
			projectDirPath = "";
			projectRoot = "";
			targets = (
				6AAD54922268254700945D8C /* pulp */,
				6AAD54A92268254700945D8C /* pulpTests */,
				6AAD54B42268254700945D8C /* pulpUITests */,
			);
		};
/* End PBXProject section */

/* Begin PBXResourcesBuildPhase section */
		6AAD54912268254700945D8C /* Resources */ = {
			isa = PBXResourcesBuildPhase;
			buildActionMask = 2147483647;
			files = (
				6AAD54A42268254700945D8C /* LaunchScreen.storyboard in Resources */,
				6AAD54A12268254700945D8C /* Assets.xcassets in Resources */,
				6AAD549C2268254700945D8C /* Main.storyboard in Resources */,
			);
			runOnlyForDeploymentPostprocessing = 0;
		};
		6AAD54A82268254700945D8C /* Resources */ = {
			isa = PBXResourcesBuildPhase;
			buildActionMask = 2147483647;
			files = (
			);
			runOnlyForDeploymentPostprocessing = 0;
		};
		6AAD54B32268254700945D8C /* Resources */ = {
			isa = PBXResourcesBuildPhase;
			buildActionMask = 2147483647;
			files = (
			);
			runOnlyForDeploymentPostprocessing = 0;
		};
/* End PBXResourcesBuildPhase section */

/* Begin PBXSourcesBuildPhase section */
		6AAD548F2268254700945D8C /* Sources */ = {
			isa = PBXSourcesBuildPhase;
			buildActionMask = 2147483647;
			files = (
				6AAD54D222682B6100945D8C /* AddRecController.swift in Sources */,
				6AAD54CF22682B5900945D8C /* MainViewController.swift in Sources */,
				6AAD54D022682B5900945D8C /* CreateProfileController.swift in Sources */,
				6AAD54CE22682B5900945D8C /* LoginViewController.swift in Sources */,
				6AAD54992268254700945D8C /* ViewController.swift in Sources */,
				6AAD54972268254700945D8C /* AppDelegate.swift in Sources */,
				6AAD54CA22682B4D00945D8C /* RecListController.swift in Sources */,
				6AAD549F2268254700945D8C /* pulp.xcdatamodeld in Sources */,
				6AAD54C922682B4D00945D8C /* SignUpController.swift in Sources */,
			);
			runOnlyForDeploymentPostprocessing = 0;
		};
		6AAD54A62268254700945D8C /* Sources */ = {
			isa = PBXSourcesBuildPhase;
			buildActionMask = 2147483647;
			files = (
				6AAD54AF2268254700945D8C /* pulpTests.swift in Sources */,
			);
			runOnlyForDeploymentPostprocessing = 0;
		};
		6AAD54B12268254700945D8C /* Sources */ = {
			isa = PBXSourcesBuildPhase;
			buildActionMask = 2147483647;
			files = (
				6AAD54BA2268254700945D8C /* pulpUITests.swift in Sources */,
			);
			runOnlyForDeploymentPostprocessing = 0;
		};
/* End PBXSourcesBuildPhase section */

/* Begin PBXTargetDependency section */
		6AAD54AC2268254700945D8C /* PBXTargetDependency */ = {
			isa = PBXTargetDependency;
			target = 6AAD54922268254700945D8C /* pulp */;
			targetProxy = 6AAD54AB2268254700945D8C /* PBXContainerItemProxy */;
		};
		6AAD54B72268254700945D8C /* PBXTargetDependency */ = {
			isa = PBXTargetDependency;
			target = 6AAD54922268254700945D8C /* pulp */;
			targetProxy = 6AAD54B62268254700945D8C /* PBXContainerItemProxy */;
		};
/* End PBXTargetDependency section */

/* Begin PBXVariantGroup section */
		6AAD549A2268254700945D8C /* Main.storyboard */ = {
			isa = PBXVariantGroup;
			children = (
				6AAD549B2268254700945D8C /* Base */,
			);
			name = Main.storyboard;
			sourceTree = "<group>";
		};
		6AAD54A22268254700945D8C /* LaunchScreen.storyboard */ = {
			isa = PBXVariantGroup;
			children = (
				6AAD54A32268254700945D8C /* Base */,
			);
			name = LaunchScreen.storyboard;
			sourceTree = "<group>";
		};
/* End PBXVariantGroup section */

/* Begin XCBuildConfiguration section */
		6AAD54BC2268254700945D8C /* Debug */ = {
			isa = XCBuildConfiguration;
			buildSettings = {
				ALWAYS_SEARCH_USER_PATHS = NO;
				CLANG_ANALYZER_NONNULL = YES;
				CLANG_ANALYZER_NUMBER_OBJECT_CONVERSION = YES_AGGRESSIVE;
				CLANG_CXX_LANGUAGE_STANDARD = "gnu++14";
				CLANG_CXX_LIBRARY = "libc++";
				CLANG_ENABLE_MODULES = YES;
				CLANG_ENABLE_OBJC_ARC = YES;
				CLANG_WARN_BLOCK_CAPTURE_AUTORELEASING = YES;
				CLANG_WARN_BOOL_CONVERSION = YES;
				CLANG_WARN_COMMA = YES;
				CLANG_WARN_CONSTANT_CONVERSION = YES;
				CLANG_WARN_DIRECT_OBJC_ISA_USAGE = YES_ERROR;
				CLANG_WARN_DOCUMENTATION_COMMENTS = YES;
				CLANG_WARN_EMPTY_BODY = YES;
				CLANG_WARN_ENUM_CONVERSION = YES;
				CLANG_WARN_INFINITE_RECURSION = YES;
				CLANG_WARN_INT_CONVERSION = YES;
				CLANG_WARN_NON_LITERAL_NULL_CONVERSION = YES;
				CLANG_WARN_OBJC_LITERAL_CONVERSION = YES;
				CLANG_WARN_OBJC_ROOT_CLASS = YES_ERROR;
				CLANG_WARN_RANGE_LOOP_ANALYSIS = YES;
				CLANG_WARN_STRICT_PROTOTYPES = YES;
				CLANG_WARN_SUSPICIOUS_MOVE = YES;
				CLANG_WARN_UNGUARDED_AVAILABILITY = YES_AGGRESSIVE;
				CLANG_WARN_UNREACHABLE_CODE = YES;
				CLANG_WARN__DUPLICATE_METHOD_MATCH = YES;
				CODE_SIGN_IDENTITY = "iPhone Developer";
				COPY_PHASE_STRIP = NO;
				DEBUG_INFORMATION_FORMAT = dwarf;
				ENABLE_STRICT_OBJC_MSGSEND = YES;
				ENABLE_TESTABILITY = YES;
				GCC_C_LANGUAGE_STANDARD = gnu11;
				GCC_DYNAMIC_NO_PIC = NO;
				GCC_NO_COMMON_BLOCKS = YES;
				GCC_OPTIMIZATION_LEVEL = 0;
				GCC_PREPROCESSOR_DEFINITIONS = (
					"DEBUG=1",
					"$(inherited)",
				);
				GCC_WARN_64_TO_32_BIT_CONVERSION = YES;
				GCC_WARN_ABOUT_RETURN_TYPE = YES_ERROR;
				GCC_WARN_UNDECLARED_SELECTOR = YES;
				GCC_WARN_UNINITIALIZED_AUTOS = YES_AGGRESSIVE;
				GCC_WARN_UNUSED_FUNCTION = YES;
				GCC_WARN_UNUSED_VARIABLE = YES;
				IPHONEOS_DEPLOYMENT_TARGET = 11.2;
				MTL_ENABLE_DEBUG_INFO = YES;
				ONLY_ACTIVE_ARCH = YES;
				SDKROOT = iphoneos;
				SWIFT_ACTIVE_COMPILATION_CONDITIONS = DEBUG;
				SWIFT_OPTIMIZATION_LEVEL = "-Onone";
			};
			name = Debug;
		};
		6AAD54BD2268254700945D8C /* Release */ = {
			isa = XCBuildConfiguration;
			buildSettings = {
				ALWAYS_SEARCH_USER_PATHS = NO;
				CLANG_ANALYZER_NONNULL = YES;
				CLANG_ANALYZER_NUMBER_OBJECT_CONVERSION = YES_AGGRESSIVE;
				CLANG_CXX_LANGUAGE_STANDARD = "gnu++14";
				CLANG_CXX_LIBRARY = "libc++";
				CLANG_ENABLE_MODULES = YES;
				CLANG_ENABLE_OBJC_ARC = YES;
				CLANG_WARN_BLOCK_CAPTURE_AUTORELEASING = YES;
				CLANG_WARN_BOOL_CONVERSION = YES;
				CLANG_WARN_COMMA = YES;
				CLANG_WARN_CONSTANT_CONVERSION = YES;
				CLANG_WARN_DIRECT_OBJC_ISA_USAGE = YES_ERROR;
				CLANG_WARN_DOCUMENTATION_COMMENTS = YES;
				CLANG_WARN_EMPTY_BODY = YES;
				CLANG_WARN_ENUM_CONVERSION = YES;
				CLANG_WARN_INFINITE_RECURSION = YES;
				CLANG_WARN_INT_CONVERSION = YES;
				CLANG_WARN_NON_LITERAL_NULL_CONVERSION = YES;
				CLANG_WARN_OBJC_LITERAL_CONVERSION = YES;
				CLANG_WARN_OBJC_ROOT_CLASS = YES_ERROR;
				CLANG_WARN_RANGE_LOOP_ANALYSIS = YES;
				CLANG_WARN_STRICT_PROTOTYPES = YES;
				CLANG_WARN_SUSPICIOUS_MOVE = YES;
				CLANG_WARN_UNGUARDED_AVAILABILITY = YES_AGGRESSIVE;
				CLANG_WARN_UNREACHABLE_CODE = YES;
				CLANG_WARN__DUPLICATE_METHOD_MATCH = YES;
				CODE_SIGN_IDENTITY = "iPhone Developer";
				COPY_PHASE_STRIP = NO;
				DEBUG_INFORMATION_FORMAT = "dwarf-with-dsym";
				ENABLE_NS_ASSERTIONS = NO;
				ENABLE_STRICT_OBJC_MSGSEND = YES;
				GCC_C_LANGUAGE_STANDARD = gnu11;
				GCC_NO_COMMON_BLOCKS = YES;
				GCC_WARN_64_TO_32_BIT_CONVERSION = YES;
				GCC_WARN_ABOUT_RETURN_TYPE = YES_ERROR;
				GCC_WARN_UNDECLARED_SELECTOR = YES;
				GCC_WARN_UNINITIALIZED_AUTOS = YES_AGGRESSIVE;
				GCC_WARN_UNUSED_FUNCTION = YES;
				GCC_WARN_UNUSED_VARIABLE = YES;
				IPHONEOS_DEPLOYMENT_TARGET = 11.2;
				MTL_ENABLE_DEBUG_INFO = NO;
				SDKROOT = iphoneos;
				SWIFT_OPTIMIZATION_LEVEL = "-Owholemodule";
				VALIDATE_PRODUCT = YES;
			};
			name = Release;
		};
		6AAD54BF2268254700945D8C /* Debug */ = {
			isa = XCBuildConfiguration;
			buildSettings = {
				ASSETCATALOG_COMPILER_APPICON_NAME = AppIcon;
				CODE_SIGN_STYLE = Automatic;
				INFOPLIST_FILE = pulp/Info.plist;
				LD_RUNPATH_SEARCH_PATHS = "$(inherited) @executable_path/Frameworks";
				PRODUCT_BUNDLE_IDENTIFIER = pulp.pulp;
				PRODUCT_NAME = "$(TARGET_NAME)";
				SWIFT_VERSION = 4.0;
				TARGETED_DEVICE_FAMILY = "1,2";
			};
			name = Debug;
		};
		6AAD54C02268254700945D8C /* Release */ = {
			isa = XCBuildConfiguration;
			buildSettings = {
				ASSETCATALOG_COMPILER_APPICON_NAME = AppIcon;
				CODE_SIGN_STYLE = Automatic;
				INFOPLIST_FILE = pulp/Info.plist;
				LD_RUNPATH_SEARCH_PATHS = "$(inherited) @executable_path/Frameworks";
				PRODUCT_BUNDLE_IDENTIFIER = pulp.pulp;
				PRODUCT_NAME = "$(TARGET_NAME)";
				SWIFT_VERSION = 4.0;
				TARGETED_DEVICE_FAMILY = "1,2";
			};
			name = Release;
		};
		6AAD54C22268254700945D8C /* Debug */ = {
			isa = XCBuildConfiguration;
			buildSettings = {
				ALWAYS_EMBED_SWIFT_STANDARD_LIBRARIES = YES;
				BUNDLE_LOADER = "$(TEST_HOST)";
				CODE_SIGN_STYLE = Automatic;
				INFOPLIST_FILE = pulpTests/Info.plist;
				LD_RUNPATH_SEARCH_PATHS = "$(inherited) @executable_path/Frameworks @loader_path/Frameworks";
				PRODUCT_BUNDLE_IDENTIFIER = pulp.pulpTests;
				PRODUCT_NAME = "$(TARGET_NAME)";
				SWIFT_VERSION = 4.0;
				TARGETED_DEVICE_FAMILY = "1,2";
				TEST_HOST = "$(BUILT_PRODUCTS_DIR)/pulp.app/pulp";
			};
			name = Debug;
		};
		6AAD54C32268254700945D8C /* Release */ = {
			isa = XCBuildConfiguration;
			buildSettings = {
				ALWAYS_EMBED_SWIFT_STANDARD_LIBRARIES = YES;
				BUNDLE_LOADER = "$(TEST_HOST)";
				CODE_SIGN_STYLE = Automatic;
				INFOPLIST_FILE = pulpTests/Info.plist;
				LD_RUNPATH_SEARCH_PATHS = "$(inherited) @executable_path/Frameworks @loader_path/Frameworks";
				PRODUCT_BUNDLE_IDENTIFIER = pulp.pulpTests;
				PRODUCT_NAME = "$(TARGET_NAME)";
				SWIFT_VERSION = 4.0;
				TARGETED_DEVICE_FAMILY = "1,2";
				TEST_HOST = "$(BUILT_PRODUCTS_DIR)/pulp.app/pulp";
			};
			name = Release;
		};
		6AAD54C52268254700945D8C /* Debug */ = {
			isa = XCBuildConfiguration;
			buildSettings = {
				ALWAYS_EMBED_SWIFT_STANDARD_LIBRARIES = YES;
				CODE_SIGN_STYLE = Automatic;
				INFOPLIST_FILE = pulpUITests/Info.plist;
				LD_RUNPATH_SEARCH_PATHS = "$(inherited) @executable_path/Frameworks @loader_path/Frameworks";
				PRODUCT_BUNDLE_IDENTIFIER = pulp.pulpUITests;
				PRODUCT_NAME = "$(TARGET_NAME)";
				SWIFT_VERSION = 4.0;
				TARGETED_DEVICE_FAMILY = "1,2";
				TEST_TARGET_NAME = pulp;
			};
			name = Debug;
		};
		6AAD54C62268254700945D8C /* Release */ = {
			isa = XCBuildConfiguration;
			buildSettings = {
				ALWAYS_EMBED_SWIFT_STANDARD_LIBRARIES = YES;
				CODE_SIGN_STYLE = Automatic;
				INFOPLIST_FILE = pulpUITests/Info.plist;
				LD_RUNPATH_SEARCH_PATHS = "$(inherited) @executable_path/Frameworks @loader_path/Frameworks";
				PRODUCT_BUNDLE_IDENTIFIER = pulp.pulpUITests;
				PRODUCT_NAME = "$(TARGET_NAME)";
				SWIFT_VERSION = 4.0;
				TARGETED_DEVICE_FAMILY = "1,2";
				TEST_TARGET_NAME = pulp;
			};
			name = Release;
		};
/* End XCBuildConfiguration section */

/* Begin XCConfigurationList section */
		6AAD548E2268254700945D8C /* Build configuration list for PBXProject "pulp" */ = {
			isa = XCConfigurationList;
			buildConfigurations = (
				6AAD54BC2268254700945D8C /* Debug */,
				6AAD54BD2268254700945D8C /* Release */,
			);
			defaultConfigurationIsVisible = 0;
			defaultConfigurationName = Release;
		};
		6AAD54BE2268254700945D8C /* Build configuration list for PBXNativeTarget "pulp" */ = {
			isa = XCConfigurationList;
			buildConfigurations = (
				6AAD54BF2268254700945D8C /* Debug */,
				6AAD54C02268254700945D8C /* Release */,
			);
			defaultConfigurationIsVisible = 0;
			defaultConfigurationName = Release;
		};
		6AAD54C12268254700945D8C /* Build configuration list for PBXNativeTarget "pulpTests" */ = {
			isa = XCConfigurationList;
			buildConfigurations = (
				6AAD54C22268254700945D8C /* Debug */,
				6AAD54C32268254700945D8C /* Release */,
			);
			defaultConfigurationIsVisible = 0;
			defaultConfigurationName = Release;
		};
		6AAD54C42268254700945D8C /* Build configuration list for PBXNativeTarget "pulpUITests" */ = {
			isa = XCConfigurationList;
			buildConfigurations = (
				6AAD54C52268254700945D8C /* Debug */,
				6AAD54C62268254700945D8C /* Release */,
			);
			defaultConfigurationIsVisible = 0;
			defaultConfigurationName = Release;
		};
/* End XCConfigurationList section */

/* Begin XCVersionGroup section */
		6AAD549D2268254700945D8C /* pulp.xcdatamodeld */ = {
			isa = XCVersionGroup;
			children = (
				6AAD549E2268254700945D8C /* pulp.xcdatamodel */,
			);
			currentVersion = 6AAD549E2268254700945D8C /* pulp.xcdatamodel */;
			path = pulp.xcdatamodeld;
			sourceTree = "<group>";
			versionGroupType = wrapper.xcdatamodel;
		};
/* End XCVersionGroup section */
	};
	rootObject = 6AAD548B2268254700945D8C /* Project object */;
}
