// !$*UTF8*$!
{
	archiveVersion = 1;
	classes = {
	};
	objectVersion = 48;
	objects = {

/* Begin PBXBuildFile section */
		4363F34C223ADA8F008C2969 /* SwipingController.swift in Sources */ = {isa = PBXBuildFile; fileRef = 4363F34B223ADA8F008C2969 /* SwipingController.swift */; };
		4363F34E223ADABE008C2969 /* PageCell.swift in Sources */ = {isa = PBXBuildFile; fileRef = 4363F34D223ADABE008C2969 /* PageCell.swift */; };
		4363F350223B05FB008C2969 /* ExploreViewController.swift in Sources */ = {isa = PBXBuildFile; fileRef = 4363F34F223B05FB008C2969 /* ExploreViewController.swift */; };
		4363F352223B1071008C2969 /* ExploreResults.swift in Sources */ = {isa = PBXBuildFile; fileRef = 4363F351223B1071008C2969 /* ExploreResults.swift */; };
		4363F354223B1134008C2969 /* ResultsViewController.swift in Sources */ = {isa = PBXBuildFile; fileRef = 4363F353223B1134008C2969 /* ResultsViewController.swift */; };
		4363F356223B17C9008C2969 /* ResultCell.swift in Sources */ = {isa = PBXBuildFile; fileRef = 4363F355223B17C9008C2969 /* ResultCell.swift */; };
		437F2854226E96D600E32525 /* DiveIn.swift in Sources */ = {isa = PBXBuildFile; fileRef = 437F2853226E96D600E32525 /* DiveIn.swift */; };
		43AC38312227500600652A70 /* AppDelegate.swift in Sources */ = {isa = PBXBuildFile; fileRef = 43AC38302227500600652A70 /* AppDelegate.swift */; };
		43AC38332227500600652A70 /* ViewController.swift in Sources */ = {isa = PBXBuildFile; fileRef = 43AC38322227500600652A70 /* ViewController.swift */; };
		43AC38362227500600652A70 /* Main.storyboard in Resources */ = {isa = PBXBuildFile; fileRef = 43AC38342227500600652A70 /* Main.storyboard */; };
		43AC38382227500600652A70 /* Assets.xcassets in Resources */ = {isa = PBXBuildFile; fileRef = 43AC38372227500600652A70 /* Assets.xcassets */; };
		43AC383B2227500600652A70 /* LaunchScreen.storyboard in Resources */ = {isa = PBXBuildFile; fileRef = 43AC38392227500600652A70 /* LaunchScreen.storyboard */; };
		45479B1C527F2552AF0AD66D /* Pods_Pulp.framework in Frameworks */ = {isa = PBXBuildFile; fileRef = 66B2A3E5E03FABCDE89D353E /* Pods_Pulp.framework */; };
		8304223B22813A0700DDC8B2 /* CreateProfileViewController.swift in Sources */ = {isa = PBXBuildFile; fileRef = 8304223A22813A0700DDC8B2 /* CreateProfileViewController.swift */; };
		8304223D22813A1B00DDC8B2 /* DiscoverFeedController.swift in Sources */ = {isa = PBXBuildFile; fileRef = 8304223C22813A1B00DDC8B2 /* DiscoverFeedController.swift */; };
		83ABFFED2281686D00DB0F7C /* MapScreen.swift in Sources */ = {isa = PBXBuildFile; fileRef = 83ABFFEC2281686D00DB0F7C /* MapScreen.swift */; };
		83ABFFEF228531C000DB0F7C /* SelectInterestController.swift in Sources */ = {isa = PBXBuildFile; fileRef = 83ABFFEE228531C000DB0F7C /* SelectInterestController.swift */; };
		83ABFFF1228AA88F00DB0F7C /* LogInController.swift in Sources */ = {isa = PBXBuildFile; fileRef = 83ABFFF0228AA88F00DB0F7C /* LogInController.swift */; };
		92AE975E2293AE02006245B1 /* ExploreController.swift in Sources */ = {isa = PBXBuildFile; fileRef = 92AE975D2293AE02006245B1 /* ExploreController.swift */; };
		92D4D98A229CAA5100BBF080 /* Explore_Page_Data.swift in Sources */ = {isa = PBXBuildFile; fileRef = 92D4D989229CAA5000BBF080 /* Explore_Page_Data.swift */; };
		92D4D98C229CE8D700BBF080 /* PlacesAPI.swift in Sources */ = {isa = PBXBuildFile; fileRef = 92D4D98B229CE8D700BBF080 /* PlacesAPI.swift */; };
		92D4D98E22A0927800BBF080 /* ListViewController.swift in Sources */ = {isa = PBXBuildFile; fileRef = 92D4D98D22A0927800BBF080 /* ListViewController.swift */; };
		92D4D99222A648E000BBF080 /* WelcomePageController.swift in Sources */ = {isa = PBXBuildFile; fileRef = 92D4D99122A648E000BBF080 /* WelcomePageController.swift */; };
		92D4D99622A65A8D00BBF080 /* overlay.json in Resources */ = {isa = PBXBuildFile; fileRef = 92D4D99522A65A8D00BBF080 /* overlay.json */; };
		92D4D99822A65B3000BBF080 /* CustomPointAnnotation.swift in Sources */ = {isa = PBXBuildFile; fileRef = 92D4D99722A65B3000BBF080 /* CustomPointAnnotation.swift */; };
/* End PBXBuildFile section */

/* Begin PBXFileReference section */
		3E70D046F479E62C24E589B8 /* Pods-Pulp.release.xcconfig */ = {isa = PBXFileReference; includeInIndex = 1; lastKnownFileType = text.xcconfig; name = "Pods-Pulp.release.xcconfig"; path = "Pods/Target Support Files/Pods-Pulp/Pods-Pulp.release.xcconfig"; sourceTree = "<group>"; };
		4363F34B223ADA8F008C2969 /* SwipingController.swift */ = {isa = PBXFileReference; lastKnownFileType = sourcecode.swift; path = SwipingController.swift; sourceTree = "<group>"; };
		4363F34D223ADABE008C2969 /* PageCell.swift */ = {isa = PBXFileReference; lastKnownFileType = sourcecode.swift; path = PageCell.swift; sourceTree = "<group>"; };
		4363F34F223B05FB008C2969 /* ExploreViewController.swift */ = {isa = PBXFileReference; lastKnownFileType = sourcecode.swift; path = ExploreViewController.swift; sourceTree = "<group>"; };
		4363F351223B1071008C2969 /* ExploreResults.swift */ = {isa = PBXFileReference; lastKnownFileType = sourcecode.swift; path = ExploreResults.swift; sourceTree = "<group>"; };
		4363F353223B1134008C2969 /* ResultsViewController.swift */ = {isa = PBXFileReference; lastKnownFileType = sourcecode.swift; path = ResultsViewController.swift; sourceTree = "<group>"; };
		4363F355223B17C9008C2969 /* ResultCell.swift */ = {isa = PBXFileReference; lastKnownFileType = sourcecode.swift; path = ResultCell.swift; sourceTree = "<group>"; };
		437F2853226E96D600E32525 /* DiveIn.swift */ = {isa = PBXFileReference; lastKnownFileType = sourcecode.swift; path = DiveIn.swift; sourceTree = "<group>"; };
		43AC382D2227500600652A70 /* Pulp.app */ = {isa = PBXFileReference; explicitFileType = wrapper.application; includeInIndex = 0; path = Pulp.app; sourceTree = BUILT_PRODUCTS_DIR; };
		43AC38302227500600652A70 /* AppDelegate.swift */ = {isa = PBXFileReference; lastKnownFileType = sourcecode.swift; path = AppDelegate.swift; sourceTree = "<group>"; };
		43AC38322227500600652A70 /* ViewController.swift */ = {isa = PBXFileReference; lastKnownFileType = sourcecode.swift; path = ViewController.swift; sourceTree = "<group>"; };
		43AC38352227500600652A70 /* Base */ = {isa = PBXFileReference; lastKnownFileType = file.storyboard; name = Base; path = Base.lproj/Main.storyboard; sourceTree = "<group>"; };
		43AC38372227500600652A70 /* Assets.xcassets */ = {isa = PBXFileReference; lastKnownFileType = folder.assetcatalog; path = Assets.xcassets; sourceTree = "<group>"; };
		43AC383A2227500600652A70 /* Base */ = {isa = PBXFileReference; lastKnownFileType = file.storyboard; name = Base; path = Base.lproj/LaunchScreen.storyboard; sourceTree = "<group>"; };
		43AC383C2227500600652A70 /* Info.plist */ = {isa = PBXFileReference; lastKnownFileType = text.plist.xml; path = Info.plist; sourceTree = "<group>"; };
		66B2A3E5E03FABCDE89D353E /* Pods_Pulp.framework */ = {isa = PBXFileReference; explicitFileType = wrapper.framework; includeInIndex = 0; path = Pods_Pulp.framework; sourceTree = BUILT_PRODUCTS_DIR; };
		83042234227801D000DDC8B2 /* UnusedLogInController.swift */ = {isa = PBXFileReference; lastKnownFileType = sourcecode.swift; path = UnusedLogInController.swift; sourceTree = "<group>"; };
		8304223A22813A0700DDC8B2 /* CreateProfileViewController.swift */ = {isa = PBXFileReference; fileEncoding = 4; lastKnownFileType = sourcecode.swift; path = CreateProfileViewController.swift; sourceTree = "<group>"; };
		8304223C22813A1B00DDC8B2 /* DiscoverFeedController.swift */ = {isa = PBXFileReference; fileEncoding = 4; lastKnownFileType = sourcecode.swift; path = DiscoverFeedController.swift; sourceTree = "<group>"; };
		83ABFFEC2281686D00DB0F7C /* MapScreen.swift */ = {isa = PBXFileReference; lastKnownFileType = sourcecode.swift; path = MapScreen.swift; sourceTree = "<group>"; };
		83ABFFEE228531C000DB0F7C /* SelectInterestController.swift */ = {isa = PBXFileReference; lastKnownFileType = sourcecode.swift; path = SelectInterestController.swift; sourceTree = "<group>"; };
		83ABFFF0228AA88F00DB0F7C /* LogInController.swift */ = {isa = PBXFileReference; lastKnownFileType = sourcecode.swift; path = LogInController.swift; sourceTree = "<group>"; };
		83DE57172293BE4000294FC9 /* MainAPI.swift */ = {isa = PBXFileReference; lastKnownFileType = sourcecode.swift; path = MainAPI.swift; sourceTree = "<group>"; };
		83DE57192293BE8100294FC9 /* UserManager.swift */ = {isa = PBXFileReference; lastKnownFileType = sourcecode.swift; path = UserManager.swift; sourceTree = "<group>"; };
		92AE975D2293AE02006245B1 /* ExploreController.swift */ = {isa = PBXFileReference; lastKnownFileType = sourcecode.swift; path = ExploreController.swift; sourceTree = "<group>"; };
		92D4D989229CAA5000BBF080 /* Explore_Page_Data.swift */ = {isa = PBXFileReference; lastKnownFileType = sourcecode.swift; path = Explore_Page_Data.swift; sourceTree = "<group>"; };
		92D4D98B229CE8D700BBF080 /* PlacesAPI.swift */ = {isa = PBXFileReference; lastKnownFileType = sourcecode.swift; path = PlacesAPI.swift; sourceTree = "<group>"; };
		92D4D98D22A0927800BBF080 /* ListViewController.swift */ = {isa = PBXFileReference; lastKnownFileType = sourcecode.swift; path = ListViewController.swift; sourceTree = "<group>"; };
		92D4D99122A648E000BBF080 /* WelcomePageController.swift */ = {isa = PBXFileReference; fileEncoding = 4; lastKnownFileType = sourcecode.swift; path = WelcomePageController.swift; sourceTree = "<group>"; };
		92D4D99522A65A8D00BBF080 /* overlay.json */ = {isa = PBXFileReference; fileEncoding = 4; lastKnownFileType = text.json; path = overlay.json; sourceTree = "<group>"; };
		92D4D99722A65B3000BBF080 /* CustomPointAnnotation.swift */ = {isa = PBXFileReference; fileEncoding = 4; lastKnownFileType = sourcecode.swift; path = CustomPointAnnotation.swift; sourceTree = "<group>"; };
		F2D3A961FAB7F84721E06C26 /* Pods-Pulp.debug.xcconfig */ = {isa = PBXFileReference; includeInIndex = 1; lastKnownFileType = text.xcconfig; name = "Pods-Pulp.debug.xcconfig"; path = "Pods/Target Support Files/Pods-Pulp/Pods-Pulp.debug.xcconfig"; sourceTree = "<group>"; };
/* End PBXFileReference section */

/* Begin PBXFrameworksBuildPhase section */
		43AC382A2227500600652A70 /* Frameworks */ = {
			isa = PBXFrameworksBuildPhase;
			buildActionMask = 2147483647;
			files = (
				45479B1C527F2552AF0AD66D /* Pods_Pulp.framework in Frameworks */,
			);
			runOnlyForDeploymentPostprocessing = 0;
		};
/* End PBXFrameworksBuildPhase section */

/* Begin PBXGroup section */
		43AC38242227500600652A70 = {
			isa = PBXGroup;
			children = (
				43AC382F2227500600652A70 /* Pulp */,
				43AC382E2227500600652A70 /* Products */,
				CA309C48B4795A6226203DDB /* Pods */,
				4F3A73F8A8CC843E7CD83408 /* Frameworks */,
			);
			sourceTree = "<group>";
		};
		43AC382E2227500600652A70 /* Products */ = {
			isa = PBXGroup;
			children = (
				43AC382D2227500600652A70 /* Pulp.app */,
			);
			name = Products;
			sourceTree = "<group>";
		};
		43AC382F2227500600652A70 /* Pulp */ = {
			isa = PBXGroup;
			children = (
				43AC38302227500600652A70 /* AppDelegate.swift */,
				92D4D99522A65A8D00BBF080 /* overlay.json */,
				92D4D99122A648E000BBF080 /* WelcomePageController.swift */,
				92D4D98B229CE8D700BBF080 /* PlacesAPI.swift */,
				83042234227801D000DDC8B2 /* UnusedLogInController.swift */,
				83ABFFF0228AA88F00DB0F7C /* LogInController.swift */,
				92D4D98D22A0927800BBF080 /* ListViewController.swift */,
				92AE975D2293AE02006245B1 /* ExploreController.swift */,
				92D4D989229CAA5000BBF080 /* Explore_Page_Data.swift */,
				92D4D99722A65B3000BBF080 /* CustomPointAnnotation.swift */,
				83DE57172293BE4000294FC9 /* MainAPI.swift */,
				83DE57192293BE8100294FC9 /* UserManager.swift */,
				83ABFFEE228531C000DB0F7C /* SelectInterestController.swift */,
				83ABFFEC2281686D00DB0F7C /* MapScreen.swift */,
				8304223C22813A1B00DDC8B2 /* DiscoverFeedController.swift */,
				8304223A22813A0700DDC8B2 /* CreateProfileViewController.swift */,
				4363F34B223ADA8F008C2969 /* SwipingController.swift */,
				4363F34D223ADABE008C2969 /* PageCell.swift */,
				43AC38322227500600652A70 /* ViewController.swift */,
				4363F351223B1071008C2969 /* ExploreResults.swift */,
				4363F34F223B05FB008C2969 /* ExploreViewController.swift */,
				4363F353223B1134008C2969 /* ResultsViewController.swift */,
				4363F355223B17C9008C2969 /* ResultCell.swift */,
				437F2853226E96D600E32525 /* DiveIn.swift */,
				43AC38342227500600652A70 /* Main.storyboard */,
				43AC38372227500600652A70 /* Assets.xcassets */,
				43AC38392227500600652A70 /* LaunchScreen.storyboard */,
				43AC383C2227500600652A70 /* Info.plist */,
			);
			path = Pulp;
			sourceTree = "<group>";
		};
		4F3A73F8A8CC843E7CD83408 /* Frameworks */ = {
			isa = PBXGroup;
			children = (
				66B2A3E5E03FABCDE89D353E /* Pods_Pulp.framework */,
			);
			name = Frameworks;
			sourceTree = "<group>";
		};
		CA309C48B4795A6226203DDB /* Pods */ = {
			isa = PBXGroup;
			children = (
				F2D3A961FAB7F84721E06C26 /* Pods-Pulp.debug.xcconfig */,
				3E70D046F479E62C24E589B8 /* Pods-Pulp.release.xcconfig */,
			);
			name = Pods;
			sourceTree = "<group>";
		};
/* End PBXGroup section */

/* Begin PBXNativeTarget section */
		43AC382C2227500600652A70 /* Pulp */ = {
			isa = PBXNativeTarget;
			buildConfigurationList = 43AC383F2227500600652A70 /* Build configuration list for PBXNativeTarget "Pulp" */;
			buildPhases = (
				9A0626E21DE1A8508A92CC8C /* [CP] Check Pods Manifest.lock */,
				43AC38292227500600652A70 /* Sources */,
				43AC382A2227500600652A70 /* Frameworks */,
				43AC382B2227500600652A70 /* Resources */,
				FCCC05CABAAECBBD6B1EB2EB /* [CP] Embed Pods Frameworks */,
			);
			buildRules = (
			);
			dependencies = (
			);
			name = Pulp;
			productName = Pulp;
			productReference = 43AC382D2227500600652A70 /* Pulp.app */;
			productType = "com.apple.product-type.application";
		};
/* End PBXNativeTarget section */

/* Begin PBXProject section */
		43AC38252227500600652A70 /* Project object */ = {
			isa = PBXProject;
			attributes = {
				LastSwiftUpdateCheck = 0910;
				LastUpgradeCheck = 1010;
				ORGANIZATIONNAME = "Andy Cai";
				TargetAttributes = {
					43AC382C2227500600652A70 = {
						CreatedOnToolsVersion = 9.1;
						LastSwiftMigration = 1010;
						ProvisioningStyle = Automatic;
					};
				};
			};
			buildConfigurationList = 43AC38282227500600652A70 /* Build configuration list for PBXProject "Pulp" */;
			compatibilityVersion = "Xcode 8.0";
			developmentRegion = en;
			hasScannedForEncodings = 0;
			knownRegions = (
				en,
				Base,
			);
			mainGroup = 43AC38242227500600652A70;
			productRefGroup = 43AC382E2227500600652A70 /* Products */;
			projectDirPath = "";
			projectRoot = "";
			targets = (
				43AC382C2227500600652A70 /* Pulp */,
			);
		};
/* End PBXProject section */

/* Begin PBXResourcesBuildPhase section */
		43AC382B2227500600652A70 /* Resources */ = {
			isa = PBXResourcesBuildPhase;
			buildActionMask = 2147483647;
			files = (
				43AC383B2227500600652A70 /* LaunchScreen.storyboard in Resources */,
				43AC38382227500600652A70 /* Assets.xcassets in Resources */,
				92D4D99622A65A8D00BBF080 /* overlay.json in Resources */,
				43AC38362227500600652A70 /* Main.storyboard in Resources */,
			);
			runOnlyForDeploymentPostprocessing = 0;
		};
/* End PBXResourcesBuildPhase section */

/* Begin PBXShellScriptBuildPhase section */
		9A0626E21DE1A8508A92CC8C /* [CP] Check Pods Manifest.lock */ = {
			isa = PBXShellScriptBuildPhase;
			buildActionMask = 2147483647;
			files = (
			);
			inputFileListPaths = (
			);
			inputPaths = (
				"${PODS_PODFILE_DIR_PATH}/Podfile.lock",
				"${PODS_ROOT}/Manifest.lock",
			);
			name = "[CP] Check Pods Manifest.lock";
			outputFileListPaths = (
			);
			outputPaths = (
				"$(DERIVED_FILE_DIR)/Pods-Pulp-checkManifestLockResult.txt",
			);
			runOnlyForDeploymentPostprocessing = 0;
			shellPath = /bin/sh;
			shellScript = "diff \"${PODS_PODFILE_DIR_PATH}/Podfile.lock\" \"${PODS_ROOT}/Manifest.lock\" > /dev/null\nif [ $? != 0 ] ; then\n    # print error to STDERR\n    echo \"error: The sandbox is not in sync with the Podfile.lock. Run 'pod install' or update your CocoaPods installation.\" >&2\n    exit 1\nfi\n# This output is used by Xcode 'outputs' to avoid re-running this script phase.\necho \"SUCCESS\" > \"${SCRIPT_OUTPUT_FILE_0}\"\n";
			showEnvVarsInLog = 0;
		};
		FCCC05CABAAECBBD6B1EB2EB /* [CP] Embed Pods Frameworks */ = {
			isa = PBXShellScriptBuildPhase;
			buildActionMask = 2147483647;
			files = (
			);
			inputPaths = (
				"${PODS_ROOT}/Target Support Files/Pods-Pulp/Pods-Pulp-frameworks.sh",
				"${BUILT_PRODUCTS_DIR}/Alamofire/Alamofire.framework",
				"${BUILT_PRODUCTS_DIR}/Bolts/Bolts.framework",
				"${BUILT_PRODUCTS_DIR}/FBSDKCoreKit/FBSDKCoreKit.framework",
				"${BUILT_PRODUCTS_DIR}/FBSDKLoginKit/FBSDKLoginKit.framework",
				"${BUILT_PRODUCTS_DIR}/FBSDKShareKit/FBSDKShareKit.framework",
				"${BUILT_PRODUCTS_DIR}/FacebookCore/FacebookCore.framework",
				"${BUILT_PRODUCTS_DIR}/FacebookLogin/FacebookLogin.framework",
				"${BUILT_PRODUCTS_DIR}/FacebookShare/FacebookShare.framework",
				"${BUILT_PRODUCTS_DIR}/MapKitGoogleStyler/MapKitGoogleStyler.framework",
				"${BUILT_PRODUCTS_DIR}/Moya/Moya.framework",
				"${BUILT_PRODUCTS_DIR}/Result/Result.framework",
				"${BUILT_PRODUCTS_DIR}/SnapKit/SnapKit.framework",
			);
			name = "[CP] Embed Pods Frameworks";
			outputPaths = (
				"${TARGET_BUILD_DIR}/${FRAMEWORKS_FOLDER_PATH}/Alamofire.framework",
				"${TARGET_BUILD_DIR}/${FRAMEWORKS_FOLDER_PATH}/Bolts.framework",
				"${TARGET_BUILD_DIR}/${FRAMEWORKS_FOLDER_PATH}/FBSDKCoreKit.framework",
				"${TARGET_BUILD_DIR}/${FRAMEWORKS_FOLDER_PATH}/FBSDKLoginKit.framework",
				"${TARGET_BUILD_DIR}/${FRAMEWORKS_FOLDER_PATH}/FBSDKShareKit.framework",
				"${TARGET_BUILD_DIR}/${FRAMEWORKS_FOLDER_PATH}/FacebookCore.framework",
				"${TARGET_BUILD_DIR}/${FRAMEWORKS_FOLDER_PATH}/FacebookLogin.framework",
				"${TARGET_BUILD_DIR}/${FRAMEWORKS_FOLDER_PATH}/FacebookShare.framework",
				"${TARGET_BUILD_DIR}/${FRAMEWORKS_FOLDER_PATH}/MapKitGoogleStyler.framework",
				"${TARGET_BUILD_DIR}/${FRAMEWORKS_FOLDER_PATH}/Moya.framework",
				"${TARGET_BUILD_DIR}/${FRAMEWORKS_FOLDER_PATH}/Result.framework",
				"${TARGET_BUILD_DIR}/${FRAMEWORKS_FOLDER_PATH}/SnapKit.framework",
			);
			runOnlyForDeploymentPostprocessing = 0;
			shellPath = /bin/sh;
			shellScript = "\"${PODS_ROOT}/Target Support Files/Pods-Pulp/Pods-Pulp-frameworks.sh\"\n";
			showEnvVarsInLog = 0;
		};
/* End PBXShellScriptBuildPhase section */

/* Begin PBXSourcesBuildPhase section */
		43AC38292227500600652A70 /* Sources */ = {
			isa = PBXSourcesBuildPhase;
			buildActionMask = 2147483647;
			files = (
				4363F352223B1071008C2969 /* ExploreResults.swift in Sources */,
				43AC38332227500600652A70 /* ViewController.swift in Sources */,
				4363F356223B17C9008C2969 /* ResultCell.swift in Sources */,
				437F2854226E96D600E32525 /* DiveIn.swift in Sources */,
				92D4D98C229CE8D700BBF080 /* PlacesAPI.swift in Sources */,
				8304223B22813A0700DDC8B2 /* CreateProfileViewController.swift in Sources */,
				92D4D99822A65B3000BBF080 /* CustomPointAnnotation.swift in Sources */,
				43AC38312227500600652A70 /* AppDelegate.swift in Sources */,
				4363F354223B1134008C2969 /* ResultsViewController.swift in Sources */,
				92D4D98E22A0927800BBF080 /* ListViewController.swift in Sources */,
				83ABFFF1228AA88F00DB0F7C /* LogInController.swift in Sources */,
				83ABFFEF228531C000DB0F7C /* SelectInterestController.swift in Sources */,
				83ABFFED2281686D00DB0F7C /* MapScreen.swift in Sources */,
				4363F350223B05FB008C2969 /* ExploreViewController.swift in Sources */,
				92AE975E2293AE02006245B1 /* ExploreController.swift in Sources */,
				8304223D22813A1B00DDC8B2 /* DiscoverFeedController.swift in Sources */,
				4363F34E223ADABE008C2969 /* PageCell.swift in Sources */,
				92D4D98A229CAA5100BBF080 /* Explore_Page_Data.swift in Sources */,
				4363F34C223ADA8F008C2969 /* SwipingController.swift in Sources */,
				92D4D99222A648E000BBF080 /* WelcomePageController.swift in Sources */,
			);
			runOnlyForDeploymentPostprocessing = 0;
		};
/* End PBXSourcesBuildPhase section */

/* Begin PBXVariantGroup section */
		43AC38342227500600652A70 /* Main.storyboard */ = {
			isa = PBXVariantGroup;
			children = (
				43AC38352227500600652A70 /* Base */,
			);
			name = Main.storyboard;
			sourceTree = "<group>";
		};
		43AC38392227500600652A70 /* LaunchScreen.storyboard */ = {
			isa = PBXVariantGroup;
			children = (
				43AC383A2227500600652A70 /* Base */,
			);
			name = LaunchScreen.storyboard;
			sourceTree = "<group>";
		};
/* End PBXVariantGroup section */

/* Begin XCBuildConfiguration section */
		43AC383D2227500600652A70 /* Debug */ = {
			isa = XCBuildConfiguration;
			buildSettings = {
				ALWAYS_SEARCH_USER_PATHS = NO;
				CLANG_ANALYZER_NONNULL = YES;
				CLANG_ANALYZER_NUMBER_OBJECT_CONVERSION = YES_AGGRESSIVE;
				CLANG_CXX_LANGUAGE_STANDARD = "gnu++14";
				CLANG_CXX_LIBRARY = "libc++";
				CLANG_ENABLE_MODULES = YES;
				CLANG_ENABLE_OBJC_ARC = YES;
				CLANG_WARN_BLOCK_CAPTURE_AUTORELEASING = YES;
				CLANG_WARN_BOOL_CONVERSION = YES;
				CLANG_WARN_COMMA = YES;
				CLANG_WARN_CONSTANT_CONVERSION = YES;
				CLANG_WARN_DEPRECATED_OBJC_IMPLEMENTATIONS = YES;
				CLANG_WARN_DIRECT_OBJC_ISA_USAGE = YES_ERROR;
				CLANG_WARN_DOCUMENTATION_COMMENTS = YES;
				CLANG_WARN_EMPTY_BODY = YES;
				CLANG_WARN_ENUM_CONVERSION = YES;
				CLANG_WARN_INFINITE_RECURSION = YES;
				CLANG_WARN_INT_CONVERSION = YES;
				CLANG_WARN_NON_LITERAL_NULL_CONVERSION = YES;
				CLANG_WARN_OBJC_IMPLICIT_RETAIN_SELF = YES;
				CLANG_WARN_OBJC_LITERAL_CONVERSION = YES;
				CLANG_WARN_OBJC_ROOT_CLASS = YES_ERROR;
				CLANG_WARN_RANGE_LOOP_ANALYSIS = YES;
				CLANG_WARN_STRICT_PROTOTYPES = YES;
				CLANG_WARN_SUSPICIOUS_MOVE = YES;
				CLANG_WARN_UNGUARDED_AVAILABILITY = YES_AGGRESSIVE;
				CLANG_WARN_UNREACHABLE_CODE = YES;
				CLANG_WARN__DUPLICATE_METHOD_MATCH = YES;
				CODE_SIGN_IDENTITY = "iPhone Developer";
				COPY_PHASE_STRIP = NO;
				DEBUG_INFORMATION_FORMAT = dwarf;
				ENABLE_STRICT_OBJC_MSGSEND = YES;
				ENABLE_TESTABILITY = YES;
				GCC_C_LANGUAGE_STANDARD = gnu11;
				GCC_DYNAMIC_NO_PIC = NO;
				GCC_NO_COMMON_BLOCKS = YES;
				GCC_OPTIMIZATION_LEVEL = 0;
				GCC_PREPROCESSOR_DEFINITIONS = (
					"DEBUG=1",
					"$(inherited)",
				);
				GCC_WARN_64_TO_32_BIT_CONVERSION = YES;
				GCC_WARN_ABOUT_RETURN_TYPE = YES_ERROR;
				GCC_WARN_UNDECLARED_SELECTOR = YES;
				GCC_WARN_UNINITIALIZED_AUTOS = YES_AGGRESSIVE;
				GCC_WARN_UNUSED_FUNCTION = YES;
				GCC_WARN_UNUSED_VARIABLE = YES;
				IPHONEOS_DEPLOYMENT_TARGET = 11.1;
				MTL_ENABLE_DEBUG_INFO = YES;
				ONLY_ACTIVE_ARCH = YES;
				SDKROOT = iphoneos;
				SWIFT_ACTIVE_COMPILATION_CONDITIONS = DEBUG;
				SWIFT_OPTIMIZATION_LEVEL = "-Onone";
			};
			name = Debug;
		};
		43AC383E2227500600652A70 /* Release */ = {
			isa = XCBuildConfiguration;
			buildSettings = {
				ALWAYS_SEARCH_USER_PATHS = NO;
				CLANG_ANALYZER_NONNULL = YES;
				CLANG_ANALYZER_NUMBER_OBJECT_CONVERSION = YES_AGGRESSIVE;
				CLANG_CXX_LANGUAGE_STANDARD = "gnu++14";
				CLANG_CXX_LIBRARY = "libc++";
				CLANG_ENABLE_MODULES = YES;
				CLANG_ENABLE_OBJC_ARC = YES;
				CLANG_WARN_BLOCK_CAPTURE_AUTORELEASING = YES;
				CLANG_WARN_BOOL_CONVERSION = YES;
				CLANG_WARN_COMMA = YES;
				CLANG_WARN_CONSTANT_CONVERSION = YES;
				CLANG_WARN_DEPRECATED_OBJC_IMPLEMENTATIONS = YES;
				CLANG_WARN_DIRECT_OBJC_ISA_USAGE = YES_ERROR;
				CLANG_WARN_DOCUMENTATION_COMMENTS = YES;
				CLANG_WARN_EMPTY_BODY = YES;
				CLANG_WARN_ENUM_CONVERSION = YES;
				CLANG_WARN_INFINITE_RECURSION = YES;
				CLANG_WARN_INT_CONVERSION = YES;
				CLANG_WARN_NON_LITERAL_NULL_CONVERSION = YES;
				CLANG_WARN_OBJC_IMPLICIT_RETAIN_SELF = YES;
				CLANG_WARN_OBJC_LITERAL_CONVERSION = YES;
				CLANG_WARN_OBJC_ROOT_CLASS = YES_ERROR;
				CLANG_WARN_RANGE_LOOP_ANALYSIS = YES;
				CLANG_WARN_STRICT_PROTOTYPES = YES;
				CLANG_WARN_SUSPICIOUS_MOVE = YES;
				CLANG_WARN_UNGUARDED_AVAILABILITY = YES_AGGRESSIVE;
				CLANG_WARN_UNREACHABLE_CODE = YES;
				CLANG_WARN__DUPLICATE_METHOD_MATCH = YES;
				CODE_SIGN_IDENTITY = "iPhone Developer";
				COPY_PHASE_STRIP = NO;
				DEBUG_INFORMATION_FORMAT = "dwarf-with-dsym";
				ENABLE_NS_ASSERTIONS = NO;
				ENABLE_STRICT_OBJC_MSGSEND = YES;
				GCC_C_LANGUAGE_STANDARD = gnu11;
				GCC_NO_COMMON_BLOCKS = YES;
				GCC_WARN_64_TO_32_BIT_CONVERSION = YES;
				GCC_WARN_ABOUT_RETURN_TYPE = YES_ERROR;
				GCC_WARN_UNDECLARED_SELECTOR = YES;
				GCC_WARN_UNINITIALIZED_AUTOS = YES_AGGRESSIVE;
				GCC_WARN_UNUSED_FUNCTION = YES;
				GCC_WARN_UNUSED_VARIABLE = YES;
				IPHONEOS_DEPLOYMENT_TARGET = 11.1;
				MTL_ENABLE_DEBUG_INFO = NO;
				SDKROOT = iphoneos;
				SWIFT_OPTIMIZATION_LEVEL = "-Owholemodule";
				VALIDATE_PRODUCT = YES;
			};
			name = Release;
		};
		43AC38402227500600652A70 /* Debug */ = {
			isa = XCBuildConfiguration;
			baseConfigurationReference = F2D3A961FAB7F84721E06C26 /* Pods-Pulp.debug.xcconfig */;
			buildSettings = {
				ASSETCATALOG_COMPILER_APPICON_NAME = AppIcon;
				CODE_SIGN_STYLE = Automatic;
				DEVELOPMENT_TEAM = JZGGT99U9P;
				INFOPLIST_FILE = Pulp/Info.plist;
				LD_RUNPATH_SEARCH_PATHS = "$(inherited) @executable_path/Frameworks";
				PRODUCT_BUNDLE_IDENTIFIER = "com.aryan.explore-page";
				PRODUCT_NAME = "$(TARGET_NAME)";
				SWIFT_VERSION = 4.2;
				TARGETED_DEVICE_FAMILY = "1,2";
			};
			name = Debug;
		};
		43AC38412227500600652A70 /* Release */ = {
			isa = XCBuildConfiguration;
			baseConfigurationReference = 3E70D046F479E62C24E589B8 /* Pods-Pulp.release.xcconfig */;
			buildSettings = {
				ASSETCATALOG_COMPILER_APPICON_NAME = AppIcon;
				CODE_SIGN_STYLE = Automatic;
				DEVELOPMENT_TEAM = JZGGT99U9P;
				INFOPLIST_FILE = Pulp/Info.plist;
				LD_RUNPATH_SEARCH_PATHS = "$(inherited) @executable_path/Frameworks";
				PRODUCT_BUNDLE_IDENTIFIER = "com.aryan.explore-page";
				PRODUCT_NAME = "$(TARGET_NAME)";
				SWIFT_VERSION = 4.2;
				TARGETED_DEVICE_FAMILY = "1,2";
			};
			name = Release;
		};
/* End XCBuildConfiguration section */

/* Begin XCConfigurationList section */
		43AC38282227500600652A70 /* Build configuration list for PBXProject "Pulp" */ = {
			isa = XCConfigurationList;
			buildConfigurations = (
				43AC383D2227500600652A70 /* Debug */,
				43AC383E2227500600652A70 /* Release */,
			);
			defaultConfigurationIsVisible = 0;
			defaultConfigurationName = Release;
		};
		43AC383F2227500600652A70 /* Build configuration list for PBXNativeTarget "Pulp" */ = {
			isa = XCConfigurationList;
			buildConfigurations = (
				43AC38402227500600652A70 /* Debug */,
				43AC38412227500600652A70 /* Release */,
			);
			defaultConfigurationIsVisible = 0;
			defaultConfigurationName = Release;
		};
/* End XCConfigurationList section */
	};
	rootObject = 43AC38252227500600652A70 /* Project object */;
}
