// !$*UTF8*$!
{
	archiveVersion = 1;
	classes = {
	};
	objectVersion = 48;
	objects = {

/* Begin PBXBuildFile section */
		4363F34C223ADA8F008C2969 /* SwipingController.swift in Sources */ = {isa = PBXBuildFile; fileRef = 4363F34B223ADA8F008C2969 /* SwipingController.swift */; };
		4363F34E223ADABE008C2969 /* PageCell.swift in Sources */ = {isa = PBXBuildFile; fileRef = 4363F34D223ADABE008C2969 /* PageCell.swift */; };
		4363F350223B05FB008C2969 /* ExploreViewController.swift in Sources */ = {isa = PBXBuildFile; fileRef = 4363F34F223B05FB008C2969 /* ExploreViewController.swift */; };
		4363F352223B1071008C2969 /* ExploreResults.swift in Sources */ = {isa = PBXBuildFile; fileRef = 4363F351223B1071008C2969 /* ExploreResults.swift */; };
		4363F354223B1134008C2969 /* ResultsViewController.swift in Sources */ = {isa = PBXBuildFile; fileRef = 4363F353223B1134008C2969 /* ResultsViewController.swift */; };
		4363F356223B17C9008C2969 /* ResultCell.swift in Sources */ = {isa = PBXBuildFile; fileRef = 4363F355223B17C9008C2969 /* ResultCell.swift */; };
		437F2854226E96D600E32525 /* DiveIn.swift in Sources */ = {isa = PBXBuildFile; fileRef = 437F2853226E96D600E32525 /* DiveIn.swift */; };
		43AC38312227500600652A70 /* AppDelegate.swift in Sources */ = {isa = PBXBuildFile; fileRef = 43AC38302227500600652A70 /* AppDelegate.swift */; };
		43AC38332227500600652A70 /* ViewController.swift in Sources */ = {isa = PBXBuildFile; fileRef = 43AC38322227500600652A70 /* ViewController.swift */; };
		43AC38362227500600652A70 /* Main.storyboard in Resources */ = {isa = PBXBuildFile; fileRef = 43AC38342227500600652A70 /* Main.storyboard */; };
		43AC38382227500600652A70 /* Assets.xcassets in Resources */ = {isa = PBXBuildFile; fileRef = 43AC38372227500600652A70 /* Assets.xcassets */; };
		43AC383B2227500600652A70 /* LaunchScreen.storyboard in Resources */ = {isa = PBXBuildFile; fileRef = 43AC38392227500600652A70 /* LaunchScreen.storyboard */; };
		83042235227801D000DDC8B2 /* LogInController.swift in Sources */ = {isa = PBXBuildFile; fileRef = 83042234227801D000DDC8B2 /* LogInController.swift */; };
		83042237228134D000DDC8B2 /* RecListController.swift in Sources */ = {isa = PBXBuildFile; fileRef = 83042236228134D000DDC8B2 /* RecListController.swift */; };
		8304223B22813A0700DDC8B2 /* CreateProfileViewController.swift in Sources */ = {isa = PBXBuildFile; fileRef = 8304223A22813A0700DDC8B2 /* CreateProfileViewController.swift */; };
		8304223D22813A1B00DDC8B2 /* DiscoverFeedController.swift in Sources */ = {isa = PBXBuildFile; fileRef = 8304223C22813A1B00DDC8B2 /* DiscoverFeedController.swift */; };
		83ABFFEB228146EA00DB0F7C /* RecCell.swift in Sources */ = {isa = PBXBuildFile; fileRef = 83ABFFEA228146EA00DB0F7C /* RecCell.swift */; };
		83ABFFED2281686D00DB0F7C /* spotsMapView.swift in Sources */ = {isa = PBXBuildFile; fileRef = 83ABFFEC2281686D00DB0F7C /* spotsMapView.swift */; };
/* End PBXBuildFile section */

/* Begin PBXFileReference section */
		4363F34B223ADA8F008C2969 /* SwipingController.swift */ = {isa = PBXFileReference; lastKnownFileType = sourcecode.swift; path = SwipingController.swift; sourceTree = "<group>"; };
		4363F34D223ADABE008C2969 /* PageCell.swift */ = {isa = PBXFileReference; lastKnownFileType = sourcecode.swift; path = PageCell.swift; sourceTree = "<group>"; };
		4363F34F223B05FB008C2969 /* ExploreViewController.swift */ = {isa = PBXFileReference; lastKnownFileType = sourcecode.swift; path = ExploreViewController.swift; sourceTree = "<group>"; };
		4363F351223B1071008C2969 /* ExploreResults.swift */ = {isa = PBXFileReference; lastKnownFileType = sourcecode.swift; path = ExploreResults.swift; sourceTree = "<group>"; };
		4363F353223B1134008C2969 /* ResultsViewController.swift */ = {isa = PBXFileReference; lastKnownFileType = sourcecode.swift; path = ResultsViewController.swift; sourceTree = "<group>"; };
		4363F355223B17C9008C2969 /* ResultCell.swift */ = {isa = PBXFileReference; lastKnownFileType = sourcecode.swift; path = ResultCell.swift; sourceTree = "<group>"; };
		437F2853226E96D600E32525 /* DiveIn.swift */ = {isa = PBXFileReference; lastKnownFileType = sourcecode.swift; path = DiveIn.swift; sourceTree = "<group>"; };
		43AC382D2227500600652A70 /* Pulp.app */ = {isa = PBXFileReference; explicitFileType = wrapper.application; includeInIndex = 0; path = Pulp.app; sourceTree = BUILT_PRODUCTS_DIR; };
		43AC38302227500600652A70 /* AppDelegate.swift */ = {isa = PBXFileReference; lastKnownFileType = sourcecode.swift; path = AppDelegate.swift; sourceTree = "<group>"; };
		43AC38322227500600652A70 /* ViewController.swift */ = {isa = PBXFileReference; lastKnownFileType = sourcecode.swift; path = ViewController.swift; sourceTree = "<group>"; };
		43AC38352227500600652A70 /* Base */ = {isa = PBXFileReference; lastKnownFileType = file.storyboard; name = Base; path = Base.lproj/Main.storyboard; sourceTree = "<group>"; };
		43AC38372227500600652A70 /* Assets.xcassets */ = {isa = PBXFileReference; lastKnownFileType = folder.assetcatalog; path = Assets.xcassets; sourceTree = "<group>"; };
		43AC383A2227500600652A70 /* Base */ = {isa = PBXFileReference; lastKnownFileType = file.storyboard; name = Base; path = Base.lproj/LaunchScreen.storyboard; sourceTree = "<group>"; };
		43AC383C2227500600652A70 /* Info.plist */ = {isa = PBXFileReference; lastKnownFileType = text.plist.xml; path = Info.plist; sourceTree = "<group>"; };
		83042234227801D000DDC8B2 /* LogInController.swift */ = {isa = PBXFileReference; lastKnownFileType = sourcecode.swift; path = LogInController.swift; sourceTree = "<group>"; };
		83042236228134D000DDC8B2 /* RecListController.swift */ = {isa = PBXFileReference; lastKnownFileType = sourcecode.swift; path = RecListController.swift; sourceTree = "<group>"; };
		8304223A22813A0700DDC8B2 /* CreateProfileViewController.swift */ = {isa = PBXFileReference; fileEncoding = 4; lastKnownFileType = sourcecode.swift; path = CreateProfileViewController.swift; sourceTree = "<group>"; };
		8304223C22813A1B00DDC8B2 /* DiscoverFeedController.swift */ = {isa = PBXFileReference; fileEncoding = 4; lastKnownFileType = sourcecode.swift; path = DiscoverFeedController.swift; sourceTree = "<group>"; };
		83ABFFEA228146EA00DB0F7C /* RecCell.swift */ = {isa = PBXFileReference; lastKnownFileType = sourcecode.swift; path = RecCell.swift; sourceTree = "<group>"; };
		83ABFFEC2281686D00DB0F7C /* spotsMapView.swift */ = {isa = PBXFileReference; lastKnownFileType = sourcecode.swift; path = spotsMapView.swift; sourceTree = "<group>"; };
/* End PBXFileReference section */

/* Begin PBXFrameworksBuildPhase section */
		43AC382A2227500600652A70 /* Frameworks */ = {
			isa = PBXFrameworksBuildPhase;
			buildActionMask = 2147483647;
			files = (
			);
			runOnlyForDeploymentPostprocessing = 0;
		};
/* End PBXFrameworksBuildPhase section */

/* Begin PBXGroup section */
		43AC38242227500600652A70 = {
			isa = PBXGroup;
			children = (
				43AC382F2227500600652A70 /* Pulp */,
				43AC382E2227500600652A70 /* Products */,
			);
			sourceTree = "<group>";
		};
		43AC382E2227500600652A70 /* Products */ = {
			isa = PBXGroup;
			children = (
				43AC382D2227500600652A70 /* Pulp.app */,
			);
			name = Products;
			sourceTree = "<group>";
		};
		43AC382F2227500600652A70 /* Pulp */ = {
			isa = PBXGroup;
			children = (
				43AC38302227500600652A70 /* AppDelegate.swift */,
				83042234227801D000DDC8B2 /* LogInController.swift */,
				83ABFFEC2281686D00DB0F7C /* spotsMapView.swift */,
				83042236228134D000DDC8B2 /* RecListController.swift */,
				83ABFFEA228146EA00DB0F7C /* RecCell.swift */,
				8304223C22813A1B00DDC8B2 /* DiscoverFeedController.swift */,
				8304223A22813A0700DDC8B2 /* CreateProfileViewController.swift */,
				4363F34B223ADA8F008C2969 /* SwipingController.swift */,
				4363F34D223ADABE008C2969 /* PageCell.swift */,
				43AC38322227500600652A70 /* ViewController.swift */,
				4363F351223B1071008C2969 /* ExploreResults.swift */,
				4363F34F223B05FB008C2969 /* ExploreViewController.swift */,
				4363F353223B1134008C2969 /* ResultsViewController.swift */,
				4363F355223B17C9008C2969 /* ResultCell.swift */,
				437F2853226E96D600E32525 /* DiveIn.swift */,
				43AC38342227500600652A70 /* Main.storyboard */,
				43AC38372227500600652A70 /* Assets.xcassets */,
				43AC38392227500600652A70 /* LaunchScreen.storyboard */,
				43AC383C2227500600652A70 /* Info.plist */,
			);
			path = Pulp;
			sourceTree = "<group>";
		};
/* End PBXGroup section */

/* Begin PBXNativeTarget section */
		43AC382C2227500600652A70 /* Pulp */ = {
			isa = PBXNativeTarget;
			buildConfigurationList = 43AC383F2227500600652A70 /* Build configuration list for PBXNativeTarget "Pulp" */;
			buildPhases = (
				43AC38292227500600652A70 /* Sources */,
				43AC382A2227500600652A70 /* Frameworks */,
				43AC382B2227500600652A70 /* Resources */,
			);
			buildRules = (
			);
			dependencies = (
			);
			name = Pulp;
			productName = Pulp;
			productReference = 43AC382D2227500600652A70 /* Pulp.app */;
			productType = "com.apple.product-type.application";
		};
/* End PBXNativeTarget section */

/* Begin PBXProject section */
		43AC38252227500600652A70 /* Project object */ = {
			isa = PBXProject;
			attributes = {
				LastSwiftUpdateCheck = 0910;
				LastUpgradeCheck = 0910;
				ORGANIZATIONNAME = "Andy Cai";
				TargetAttributes = {
					43AC382C2227500600652A70 = {
						CreatedOnToolsVersion = 9.1;
						ProvisioningStyle = Automatic;
					};
				};
			};
			buildConfigurationList = 43AC38282227500600652A70 /* Build configuration list for PBXProject "Pulp" */;
			compatibilityVersion = "Xcode 8.0";
			developmentRegion = en;
			hasScannedForEncodings = 0;
			knownRegions = (
				en,
				Base,
			);
			mainGroup = 43AC38242227500600652A70;
			productRefGroup = 43AC382E2227500600652A70 /* Products */;
			projectDirPath = "";
			projectRoot = "";
			targets = (
				43AC382C2227500600652A70 /* Pulp */,
			);
		};
/* End PBXProject section */

/* Begin PBXResourcesBuildPhase section */
		43AC382B2227500600652A70 /* Resources */ = {
			isa = PBXResourcesBuildPhase;
			buildActionMask = 2147483647;
			files = (
				43AC383B2227500600652A70 /* LaunchScreen.storyboard in Resources */,
				43AC38382227500600652A70 /* Assets.xcassets in Resources */,
				43AC38362227500600652A70 /* Main.storyboard in Resources */,
			);
			runOnlyForDeploymentPostprocessing = 0;
		};
/* End PBXResourcesBuildPhase section */

/* Begin PBXSourcesBuildPhase section */
		43AC38292227500600652A70 /* Sources */ = {
			isa = PBXSourcesBuildPhase;
			buildActionMask = 2147483647;
			files = (
				4363F352223B1071008C2969 /* ExploreResults.swift in Sources */,
				43AC38332227500600652A70 /* ViewController.swift in Sources */,
				83ABFFEB228146EA00DB0F7C /* RecCell.swift in Sources */,
				4363F356223B17C9008C2969 /* ResultCell.swift in Sources */,
				437F2854226E96D600E32525 /* DiveIn.swift in Sources */,
				8304223B22813A0700DDC8B2 /* CreateProfileViewController.swift in Sources */,
				43AC38312227500600652A70 /* AppDelegate.swift in Sources */,
				4363F354223B1134008C2969 /* ResultsViewController.swift in Sources */,
				83ABFFED2281686D00DB0F7C /* spotsMapView.swift in Sources */,
				4363F350223B05FB008C2969 /* ExploreViewController.swift in Sources */,
				8304223D22813A1B00DDC8B2 /* DiscoverFeedController.swift in Sources */,
				83042235227801D000DDC8B2 /* LogInController.swift in Sources */,
				83042237228134D000DDC8B2 /* RecListController.swift in Sources */,
				4363F34E223ADABE008C2969 /* PageCell.swift in Sources */,
				4363F34C223ADA8F008C2969 /* SwipingController.swift in Sources */,
			);
			runOnlyForDeploymentPostprocessing = 0;
		};
/* End PBXSourcesBuildPhase section */

/* Begin PBXVariantGroup section */
		43AC38342227500600652A70 /* Main.storyboard */ = {
			isa = PBXVariantGroup;
			children = (
				43AC38352227500600652A70 /* Base */,
			);
			name = Main.storyboard;
			sourceTree = "<group>";
		};
		43AC38392227500600652A70 /* LaunchScreen.storyboard */ = {
			isa = PBXVariantGroup;
			children = (
				43AC383A2227500600652A70 /* Base */,
			);
			name = LaunchScreen.storyboard;
			sourceTree = "<group>";
		};
/* End PBXVariantGroup section */

/* Begin XCBuildConfiguration section */
		43AC383D2227500600652A70 /* Debug */ = {
			isa = XCBuildConfiguration;
			buildSettings = {
				ALWAYS_SEARCH_USER_PATHS = NO;
				CLANG_ANALYZER_NONNULL = YES;
				CLANG_ANALYZER_NUMBER_OBJECT_CONVERSION = YES_AGGRESSIVE;
				CLANG_CXX_LANGUAGE_STANDARD = "gnu++14";
				CLANG_CXX_LIBRARY = "libc++";
				CLANG_ENABLE_MODULES = YES;
				CLANG_ENABLE_OBJC_ARC = YES;
				CLANG_WARN_BLOCK_CAPTURE_AUTORELEASING = YES;
				CLANG_WARN_BOOL_CONVERSION = YES;
				CLANG_WARN_COMMA = YES;
				CLANG_WARN_CONSTANT_CONVERSION = YES;
				CLANG_WARN_DIRECT_OBJC_ISA_USAGE = YES_ERROR;
				CLANG_WARN_DOCUMENTATION_COMMENTS = YES;
				CLANG_WARN_EMPTY_BODY = YES;
				CLANG_WARN_ENUM_CONVERSION = YES;
				CLANG_WARN_INFINITE_RECURSION = YES;
				CLANG_WARN_INT_CONVERSION = YES;
				CLANG_WARN_NON_LITERAL_NULL_CONVERSION = YES;
				CLANG_WARN_OBJC_LITERAL_CONVERSION = YES;
				CLANG_WARN_OBJC_ROOT_CLASS = YES_ERROR;
				CLANG_WARN_RANGE_LOOP_ANALYSIS = YES;
				CLANG_WARN_STRICT_PROTOTYPES = YES;
				CLANG_WARN_SUSPICIOUS_MOVE = YES;
				CLANG_WARN_UNGUARDED_AVAILABILITY = YES_AGGRESSIVE;
				CLANG_WARN_UNREACHABLE_CODE = YES;
				CLANG_WARN__DUPLICATE_METHOD_MATCH = YES;
				CODE_SIGN_IDENTITY = "iPhone Developer";
				COPY_PHASE_STRIP = NO;
				DEBUG_INFORMATION_FORMAT = dwarf;
				ENABLE_STRICT_OBJC_MSGSEND = YES;
				ENABLE_TESTABILITY = YES;
				GCC_C_LANGUAGE_STANDARD = gnu11;
				GCC_DYNAMIC_NO_PIC = NO;
				GCC_NO_COMMON_BLOCKS = YES;
				GCC_OPTIMIZATION_LEVEL = 0;
				GCC_PREPROCESSOR_DEFINITIONS = (
					"DEBUG=1",
					"$(inherited)",
				);
				GCC_WARN_64_TO_32_BIT_CONVERSION = YES;
				GCC_WARN_ABOUT_RETURN_TYPE = YES_ERROR;
				GCC_WARN_UNDECLARED_SELECTOR = YES;
				GCC_WARN_UNINITIALIZED_AUTOS = YES_AGGRESSIVE;
				GCC_WARN_UNUSED_FUNCTION = YES;
				GCC_WARN_UNUSED_VARIABLE = YES;
				IPHONEOS_DEPLOYMENT_TARGET = 11.1;
				MTL_ENABLE_DEBUG_INFO = YES;
				ONLY_ACTIVE_ARCH = YES;
				SDKROOT = iphoneos;
				SWIFT_ACTIVE_COMPILATION_CONDITIONS = DEBUG;
				SWIFT_OPTIMIZATION_LEVEL = "-Onone";
			};
			name = Debug;
		};
		43AC383E2227500600652A70 /* Release */ = {
			isa = XCBuildConfiguration;
			buildSettings = {
				ALWAYS_SEARCH_USER_PATHS = NO;
				CLANG_ANALYZER_NONNULL = YES;
				CLANG_ANALYZER_NUMBER_OBJECT_CONVERSION = YES_AGGRESSIVE;
				CLANG_CXX_LANGUAGE_STANDARD = "gnu++14";
				CLANG_CXX_LIBRARY = "libc++";
				CLANG_ENABLE_MODULES = YES;
				CLANG_ENABLE_OBJC_ARC = YES;
				CLANG_WARN_BLOCK_CAPTURE_AUTORELEASING = YES;
				CLANG_WARN_BOOL_CONVERSION = YES;
				CLANG_WARN_COMMA = YES;
				CLANG_WARN_CONSTANT_CONVERSION = YES;
				CLANG_WARN_DIRECT_OBJC_ISA_USAGE = YES_ERROR;
				CLANG_WARN_DOCUMENTATION_COMMENTS = YES;
				CLANG_WARN_EMPTY_BODY = YES;
				CLANG_WARN_ENUM_CONVERSION = YES;
				CLANG_WARN_INFINITE_RECURSION = YES;
				CLANG_WARN_INT_CONVERSION = YES;
				CLANG_WARN_NON_LITERAL_NULL_CONVERSION = YES;
				CLANG_WARN_OBJC_LITERAL_CONVERSION = YES;
				CLANG_WARN_OBJC_ROOT_CLASS = YES_ERROR;
				CLANG_WARN_RANGE_LOOP_ANALYSIS = YES;
				CLANG_WARN_STRICT_PROTOTYPES = YES;
				CLANG_WARN_SUSPICIOUS_MOVE = YES;
				CLANG_WARN_UNGUARDED_AVAILABILITY = YES_AGGRESSIVE;
				CLANG_WARN_UNREACHABLE_CODE = YES;
				CLANG_WARN__DUPLICATE_METHOD_MATCH = YES;
				CODE_SIGN_IDENTITY = "iPhone Developer";
				COPY_PHASE_STRIP = NO;
				DEBUG_INFORMATION_FORMAT = "dwarf-with-dsym";
				ENABLE_NS_ASSERTIONS = NO;
				ENABLE_STRICT_OBJC_MSGSEND = YES;
				GCC_C_LANGUAGE_STANDARD = gnu11;
				GCC_NO_COMMON_BLOCKS = YES;
				GCC_WARN_64_TO_32_BIT_CONVERSION = YES;
				GCC_WARN_ABOUT_RETURN_TYPE = YES_ERROR;
				GCC_WARN_UNDECLARED_SELECTOR = YES;
				GCC_WARN_UNINITIALIZED_AUTOS = YES_AGGRESSIVE;
				GCC_WARN_UNUSED_FUNCTION = YES;
				GCC_WARN_UNUSED_VARIABLE = YES;
				IPHONEOS_DEPLOYMENT_TARGET = 11.1;
				MTL_ENABLE_DEBUG_INFO = NO;
				SDKROOT = iphoneos;
				SWIFT_OPTIMIZATION_LEVEL = "-Owholemodule";
				VALIDATE_PRODUCT = YES;
			};
			name = Release;
		};
		43AC38402227500600652A70 /* Debug */ = {
			isa = XCBuildConfiguration;
			buildSettings = {
				ASSETCATALOG_COMPILER_APPICON_NAME = AppIcon;
				CODE_SIGN_STYLE = Automatic;
				DEVELOPMENT_TEAM = AR2LU2RNA6;
				INFOPLIST_FILE = Pulp/Info.plist;
				LD_RUNPATH_SEARCH_PATHS = "$(inherited) @executable_path/Frameworks";
				PRODUCT_BUNDLE_IDENTIFIER = DevX.Pulp;
				PRODUCT_NAME = "$(TARGET_NAME)";
				SWIFT_VERSION = 4.0;
				TARGETED_DEVICE_FAMILY = "1,2";
			};
			name = Debug;
		};
		43AC38412227500600652A70 /* Release */ = {
			isa = XCBuildConfiguration;
			buildSettings = {
				ASSETCATALOG_COMPILER_APPICON_NAME = AppIcon;
				CODE_SIGN_STYLE = Automatic;
				DEVELOPMENT_TEAM = AR2LU2RNA6;
				INFOPLIST_FILE = Pulp/Info.plist;
				LD_RUNPATH_SEARCH_PATHS = "$(inherited) @executable_path/Frameworks";
				PRODUCT_BUNDLE_IDENTIFIER = DevX.Pulp;
				PRODUCT_NAME = "$(TARGET_NAME)";
				SWIFT_VERSION = 4.0;
				TARGETED_DEVICE_FAMILY = "1,2";
			};
			name = Release;
		};
/* End XCBuildConfiguration section */

/* Begin XCConfigurationList section */
		43AC38282227500600652A70 /* Build configuration list for PBXProject "Pulp" */ = {
			isa = XCConfigurationList;
			buildConfigurations = (
				43AC383D2227500600652A70 /* Debug */,
				43AC383E2227500600652A70 /* Release */,
			);
			defaultConfigurationIsVisible = 0;
			defaultConfigurationName = Release;
		};
		43AC383F2227500600652A70 /* Build configuration list for PBXNativeTarget "Pulp" */ = {
			isa = XCConfigurationList;
			buildConfigurations = (
				43AC38402227500600652A70 /* Debug */,
				43AC38412227500600652A70 /* Release */,
			);
			defaultConfigurationIsVisible = 0;
			defaultConfigurationName = Release;
		};
/* End XCConfigurationList section */
	};
	rootObject = 43AC38252227500600652A70 /* Project object */;
}
